PODS:
  - Keys (1.0.1)
  - SwiftLint (0.48.0)

DEPENDENCIES:
  - Keys (from `Pods/CocoaPodsKeys`)
  - SwiftLint (= 0.48.0)

SPEC REPOS:
  trunk:
    - SwiftLint

EXTERNAL SOURCES:
  Keys:
    :path: Pods/CocoaPodsKeys

SPEC CHECKSUMS:
  Keys: a576f4c9c1c641ca913a959a9c62ed3f215a8de9
  SwiftLint: 284cea64b6187c5d6bd83e9a548a64104d546447

PODFILE CHECKSUM: a4a78f1ad95aec9fc5bc5c53a54a54098520791d

COCOAPODS: 1.11.3
