PODS:
  - Cuckoo (1.0.6)
  - DynamicBlurView (3.0.1)
  - Keys (1.0.1)
  - Nimble (8.0.2)
  - PopupDialog (1.1.0):
    - DynamicBlurView (~> 3.0.1)
  - Sentry (4.3.1):
    - Sentry/Core (= 4.3.1)
  - Sentry/Core (4.3.1)
  - SVProgressHUD (2.2.5)
  - SwiftLint (0.33.0)
  - Swinject (2.6.2)
  - ZLogger (1.0.2)

DEPENDENCIES:
  - Cuckoo (= 1.0.6)
  - Keys (from `Pods/CocoaPodsKeys`)
  - Nimble (= 8.0.2)
  - PopupDialog (= 1.1.0)
  - Sentry (from `https://github.com/getsentry/sentry-cocoa.git`, tag `4.3.1`)
  - SVProgressHUD (~> 2.2)
  - SwiftLint (= 0.33)
  - Swinject (= 2.6.2)
  - ZLogger (= 1.0.2)

SPEC REPOS:
  https://cdn.cocoapods.org/:
    - Cuckoo
    - DynamicBlurView
    - Nimble
    - PopupDialog
    - SVProgressHUD
    - SwiftLint
    - Swinject
    - ZLogger

EXTERNAL SOURCES:
  Keys:
    :path: Pods/CocoaPodsKeys
  Sentry:
    :git: https://github.com/getsentry/sentry-cocoa.git
    :tag: 4.3.1

CHECKOUT OPTIONS:
  Sentry:
    :git: https://github.com/getsentry/sentry-cocoa.git
    :tag: 4.3.1

SPEC CHECKSUMS:
  Cuckoo: 8074fc309159c4862665b83798f5ad03e061e8bd
  DynamicBlurView: b1df5415f9bd31897549e5d7077e5ec120a4d636
  Keys: a576f4c9c1c641ca913a959a9c62ed3f215a8de9
  Nimble: 622629381bda1dd5678162f21f1368cec7cbba60
  PopupDialog: 42fb7a0bc4fafdf89fef8b5b2b127a6023f3e1cc
  Sentry: 5267d493a398663538317e4dcc438c12c66202ed
  SVProgressHUD: 1428aafac632c1f86f62aa4243ec12008d7a51d6
  SwiftLint: fed9c66336e41fc74dc48a73678380718f0c8b0e
  Swinject: cf7458774b1b00323080a9c67e47a1ee7f9d2af1
  ZLogger: 314a65eb636223e9ecb83080d00cfcdcb01e560c

PODFILE CHECKSUM: 379b95bef6f1ad5634ed364519ab66b3383110b8

COCOAPODS: 1.7.3
