PODS:
  - Bugsnag (5.22.2)
  - Cuckoo (1.4.1):
    - Cuckoo/Swift (= 1.4.1)
  - Cuckoo/Swift (1.4.1)
  - DynamicBlurView (4.1.0)
  - Keys (1.0.1)
  - PopupDialog (1.1.1):
    - DynamicBlurView (~> 4.0)
  - Resolver (1.1.4)
  - SVProgressHUD (2.2.5)
  - SwiftLint (0.40.3)
  - ZLogger (1.1.0)

DEPENDENCIES:
  - Bugsnag
  - Cuckoo (= 1.4.1)
  - Keys (from `Pods/CocoaPodsKeys`)
  - PopupDialog (= 1.1.1)
  - Resolver (= 1.1.4)
  - SVProgressHUD (= 2.2.5)
  - SwiftLint (= 0.40.3)
  - ZLogger (= 1.1.0)

SPEC REPOS:
  trunk:
    - Bugsnag
    - Cuckoo
    - DynamicBlurView
    - PopupDialog
    - Resolver
    - SVProgressHUD
    - SwiftLint
    - ZLogger

EXTERNAL SOURCES:
  Keys:
    :path: Pods/CocoaPodsKeys

SPEC CHECKSUMS:
  Bugsnag: 3e9e2b563f1e99ce447de123c65e851bd109fa9f
  Cuckoo: 4625f7f54d9bb880123270e8969898d6c1d036b5
  DynamicBlurView: 58e18fae80bb614e34681a4486870e7d257b62e8
  Keys: a576f4c9c1c641ca913a959a9c62ed3f215a8de9
  PopupDialog: 720c92befd8bc23c13442254945213db5612f149
  Resolver: 1f4c046255cbadfa97094692e16e940d4329779f
  SVProgressHUD: 1428aafac632c1f86f62aa4243ec12008d7a51d6
  SwiftLint: dfd554ff0dff17288ee574814ccdd5cea85d76f7
  ZLogger: d53f23ce00f0f94a97271495f9f2957e5255938f

PODFILE CHECKSUM: 62844e60223001920a4aad7d84874f7a720af3f9

COCOAPODS: 1.9.3
