PODS:
  - Alamofire (4.5.1)
  - Crashlytics (3.8.6):
    - Fabric (~> 1.6.3)
  - Fabric (1.6.13)
  - MBProgressHUD (1.0.0)
  - Nimble (7.0.2)
  - PopupDialog (0.6.0)
  - Quick (1.2.0)
  - SwiftyJSON (4.0.0-alpha.1)
  - ZLogger (1.0.0)

DEPENDENCIES:
  - Alamofire (~> 4.5.1)
  - Crashlytics
  - Fabric
  - MBProgressHUD (~> 1.0.0)
  - Nimble
  - PopupDialog (~> 0.6)
  - Quick
  - SwiftyJSON (~> 4.0.0-alpha.1)
  - ZLogger

SPEC REPOS:
  https://github.com/cocoapods/specs.git:
    - Alamofire
    - Crashlytics
    - Fabric
    - MBProgressHUD
    - Nimble
    - PopupDialog
    - Quick
    - SwiftyJSON
    - ZLogger

SPEC CHECKSUMS:
  Alamofire: 2d95912bf4c34f164fdfc335872e8c312acaea4a
  Crashlytics: 95d05f4e4c19a771250c4bd9ce344d996de32bbf
  Fabric: 2fb5676bc811af011a04513451f463dac6803206
  MBProgressHUD: 4890f671c94e8a0f3cf959aa731e9de2f036d71a
  Nimble: bfe1f814edabba69ff145cb1283e04ed636a67f2
  PopupDialog: 687af43af0f7b89948cd411ac701865f931bd6dc
  Quick: 58d203b1c5e27fff7229c4c1ae445ad7069a7a08
  SwiftyJSON: dc88934f85fb50b263b1632b9cbad3402505783e
  ZLogger: 10113443f92e2514b852883df4431e35360df0dc

PODFILE CHECKSUM: a6d8c6953ad8bebbadc5de6f54774c54a104717d

COCOAPODS: 1.5.3
