// !$*UTF8*$!
{
	archiveVersion = 1;
	classes = {
	};
	objectVersion = 46;
	objects = {

/* Begin PBXBuildFile section */
		5F98968E285F31ECA77CF6F1 /* Pods_swiftUVTests.framework in Frameworks */ = {isa = PBXBuildFile; fileRef = EFBB7043C945108FD94D44AF /* Pods_swiftUVTests.framework */; };
		6538403F53A4E29309F2F084 /* Pods_swiftUV.framework in Frameworks */ = {isa = PBXBuildFile; fileRef = 59AC0D333DE20DF5F86F5B5C /* Pods_swiftUV.framework */; };
		E96F2B682542D62C00C38427 /* AppComponents.swift in Sources */ = {isa = PBXBuildFile; fileRef = E96F2B672542D62C00C38427 /* AppComponents.swift */; };
		E9805F31254731EF009E196C /* UVView.swift in Sources */ = {isa = PBXBuildFile; fileRef = E9805F2E254731EF009E196C /* UVView.swift */; };
		E9805F32254731EF009E196C /* UVViewFactory.swift in Sources */ = {isa = PBXBuildFile; fileRef = E9805F2F254731EF009E196C /* UVViewFactory.swift */; };
		E9805F33254731EF009E196C /* ViewFactory.swift in Sources */ = {isa = PBXBuildFile; fileRef = E9805F30254731EF009E196C /* ViewFactory.swift */; };
		E9805F37254731F9009E196C /* UVViewModel.swift in Sources */ = {isa = PBXBuildFile; fileRef = E9805F36254731F9009E196C /* UVViewModel.swift */; };
		E9805F3B25473206009E196C /* SceneDelegate.swift in Sources */ = {isa = PBXBuildFile; fileRef = E9805F3A25473206009E196C /* SceneDelegate.swift */; };
		E9805F4525473302009E196C /* GeneratedMocks.swift in Sources */ = {isa = PBXBuildFile; fileRef = E9805F4425473302009E196C /* GeneratedMocks.swift */; };
		E9833665253C966500EF7510 /* URLFactoryTests.swift in Sources */ = {isa = PBXBuildFile; fileRef = E9833664253C966500EF7510 /* URLFactoryTests.swift */; };
		E9A116352322E96C004DC9FB /* Colors.xcassets in Resources */ = {isa = PBXBuildFile; fileRef = E9A116342322E96C004DC9FB /* Colors.xcassets */; };
		E9C726CE22C577920040E5BC /* APIWorker.swift in Sources */ = {isa = PBXBuildFile; fileRef = E9C726CD22C577920040E5BC /* APIWorker.swift */; };
		E9C726D022C577B80040E5BC /* NetworkSession.swift in Sources */ = {isa = PBXBuildFile; fileRef = E9C726CF22C577B80040E5BC /* NetworkSession.swift */; };
		E9C726D222C5786C0040E5BC /* APIWorkerTests.swift in Sources */ = {isa = PBXBuildFile; fileRef = E9C726D122C5786C0040E5BC /* APIWorkerTests.swift */; };
		E9FF14F6253D8F100098BE0C /* UVServiceTests.swift in Sources */ = {isa = PBXBuildFile; fileRef = E9FF14F5253D8F100098BE0C /* UVServiceTests.swift */; };
		E9FF14FC253D90E70098BE0C /* URLFactory.swift in Sources */ = {isa = PBXBuildFile; fileRef = E9FF14FB253D90E70098BE0C /* URLFactory.swift */; };
		E9FF1504253D9A8B0098BE0C /* TaskExecutable.swift in Sources */ = {isa = PBXBuildFile; fileRef = E9FF1503253D9A8B0098BE0C /* TaskExecutable.swift */; };
		EBB0615B21A1CF9A0084E975 /* IndexTests.swift in Sources */ = {isa = PBXBuildFile; fileRef = EBB0615A21A1CF9A0084E975 /* IndexTests.swift */; };
		EBB061CF21A1DC8B0084E975 /* UVService.swift in Sources */ = {isa = PBXBuildFile; fileRef = EBB061CD21A1DC8B0084E975 /* UVService.swift */; };
		EBB061D021A1DC8B0084E975 /* LocationService.swift in Sources */ = {isa = PBXBuildFile; fileRef = EBB061CE21A1DC8B0084E975 /* LocationService.swift */; };
		EBB061D821A1DC980084E975 /* Constants.swift in Sources */ = {isa = PBXBuildFile; fileRef = EBB061D121A1DC980084E975 /* Constants.swift */; };
		EBB061D921A1DC980084E975 /* String.swift in Sources */ = {isa = PBXBuildFile; fileRef = EBB061D221A1DC980084E975 /* String.swift */; };
		EBB061DA21A1DC980084E975 /* UVError.swift in Sources */ = {isa = PBXBuildFile; fileRef = EBB061D321A1DC980084E975 /* UVError.swift */; };
		EBB061DB21A1DC980084E975 /* Location.swift in Sources */ = {isa = PBXBuildFile; fileRef = EBB061D421A1DC980084E975 /* Location.swift */; };
		EBB061DC21A1DC980084E975 /* Forecast.swift in Sources */ = {isa = PBXBuildFile; fileRef = EBB061D521A1DC980084E975 /* Forecast.swift */; };
		EBB061DD21A1DC980084E975 /* Index.swift in Sources */ = {isa = PBXBuildFile; fileRef = EBB061D621A1DC980084E975 /* Index.swift */; };
		EBB061E221A1DCA60084E975 /* AppDelegate.swift in Sources */ = {isa = PBXBuildFile; fileRef = EBB061E021A1DCA60084E975 /* AppDelegate.swift */; };
		EBB061EF21A1DCD60084E975 /* OpenSans-Semibold.ttf in Resources */ = {isa = PBXBuildFile; fileRef = EBB061E521A1DCD50084E975 /* OpenSans-Semibold.ttf */; };
		EBCAA0451E7C30F000DC2E9D /* Localizable.strings in Resources */ = {isa = PBXBuildFile; fileRef = EBCAA0471E7C30F000DC2E9D /* Localizable.strings */; };
		EBF4B7571E7951D400B7A616 /* Assets.xcassets in Resources */ = {isa = PBXBuildFile; fileRef = EBF4B7561E7951D400B7A616 /* Assets.xcassets */; };
		EBF4B75A1E7951D400B7A616 /* LaunchScreen.storyboard in Resources */ = {isa = PBXBuildFile; fileRef = EBF4B7581E7951D400B7A616 /* LaunchScreen.storyboard */; };
/* End PBXBuildFile section */

/* Begin PBXContainerItemProxy section */
		EBDA88981FAE5C89009514AB /* PBXContainerItemProxy */ = {
			isa = PBXContainerItemProxy;
			containerPortal = EBF4B7441E7951D300B7A616 /* Project object */;
			proxyType = 1;
			remoteGlobalIDString = EBF4B74B1E7951D300B7A616;
			remoteInfo = swiftUV;
		};
/* End PBXContainerItemProxy section */

/* Begin PBXFileReference section */
		091ACF6A8F16618D0F5A2B41 /* Pods-swiftUVTests.debug.xcconfig */ = {isa = PBXFileReference; includeInIndex = 1; lastKnownFileType = text.xcconfig; name = "Pods-swiftUVTests.debug.xcconfig"; path = "Pods/Target Support Files/Pods-swiftUVTests/Pods-swiftUVTests.debug.xcconfig"; sourceTree = "<group>"; };
		4F32DAD95650411C27D7704A /* Pods-swiftUV.debug.xcconfig */ = {isa = PBXFileReference; includeInIndex = 1; lastKnownFileType = text.xcconfig; name = "Pods-swiftUV.debug.xcconfig"; path = "Pods/Target Support Files/Pods-swiftUV/Pods-swiftUV.debug.xcconfig"; sourceTree = "<group>"; };
		59AC0D333DE20DF5F86F5B5C /* Pods_swiftUV.framework */ = {isa = PBXFileReference; explicitFileType = wrapper.framework; includeInIndex = 0; path = Pods_swiftUV.framework; sourceTree = BUILT_PRODUCTS_DIR; };
		84B83E859B0ADFAB9D8946E1 /* Pods-swiftUV.release.xcconfig */ = {isa = PBXFileReference; includeInIndex = 1; lastKnownFileType = text.xcconfig; name = "Pods-swiftUV.release.xcconfig"; path = "Pods/Target Support Files/Pods-swiftUV/Pods-swiftUV.release.xcconfig"; sourceTree = "<group>"; };
		8B91A999F78A3A6A33A70B5A /* Pods-swiftUVTests.release.xcconfig */ = {isa = PBXFileReference; includeInIndex = 1; lastKnownFileType = text.xcconfig; name = "Pods-swiftUVTests.release.xcconfig"; path = "Pods/Target Support Files/Pods-swiftUVTests/Pods-swiftUVTests.release.xcconfig"; sourceTree = "<group>"; };
		E96F2B672542D62C00C38427 /* AppComponents.swift */ = {isa = PBXFileReference; fileEncoding = 4; lastKnownFileType = sourcecode.swift; name = AppComponents.swift; path = app/AppComponents.swift; sourceTree = "<group>"; };
		E9805F2E254731EF009E196C /* UVView.swift */ = {isa = PBXFileReference; fileEncoding = 4; lastKnownFileType = sourcecode.swift; name = UVView.swift; path = app/Views/UVView.swift; sourceTree = "<group>"; };
		E9805F2F254731EF009E196C /* UVViewFactory.swift */ = {isa = PBXFileReference; fileEncoding = 4; lastKnownFileType = sourcecode.swift; name = UVViewFactory.swift; path = app/Views/UVViewFactory.swift; sourceTree = "<group>"; };
		E9805F30254731EF009E196C /* ViewFactory.swift */ = {isa = PBXFileReference; fileEncoding = 4; lastKnownFileType = sourcecode.swift; name = ViewFactory.swift; path = app/Views/ViewFactory.swift; sourceTree = "<group>"; };
		E9805F36254731F9009E196C /* UVViewModel.swift */ = {isa = PBXFileReference; fileEncoding = 4; lastKnownFileType = sourcecode.swift; name = UVViewModel.swift; path = app/ViewModels/UVViewModel.swift; sourceTree = "<group>"; };
		E9805F3A25473206009E196C /* SceneDelegate.swift */ = {isa = PBXFileReference; fileEncoding = 4; lastKnownFileType = sourcecode.swift; name = SceneDelegate.swift; path = app/SceneDelegate.swift; sourceTree = "<group>"; };
		E9805F4425473302009E196C /* GeneratedMocks.swift */ = {isa = PBXFileReference; fileEncoding = 4; lastKnownFileType = sourcecode.swift; path = GeneratedMocks.swift; sourceTree = "<group>"; };
		E9833664253C966500EF7510 /* URLFactoryTests.swift */ = {isa = PBXFileReference; lastKnownFileType = sourcecode.swift; path = URLFactoryTests.swift; sourceTree = "<group>"; };
		E9A116342322E96C004DC9FB /* Colors.xcassets */ = {isa = PBXFileReference; lastKnownFileType = folder.assetcatalog; path = Colors.xcassets; sourceTree = "<group>"; };
		E9C726CD22C577920040E5BC /* APIWorker.swift */ = {isa = PBXFileReference; fileEncoding = 4; lastKnownFileType = sourcecode.swift; name = APIWorker.swift; path = app/Workers/APIWorker.swift; sourceTree = "<group>"; };
		E9C726CF22C577B80040E5BC /* NetworkSession.swift */ = {isa = PBXFileReference; lastKnownFileType = sourcecode.swift; name = NetworkSession.swift; path = app/Workers/NetworkSession.swift; sourceTree = "<group>"; };
		E9C726D122C5786C0040E5BC /* APIWorkerTests.swift */ = {isa = PBXFileReference; lastKnownFileType = sourcecode.swift; path = APIWorkerTests.swift; sourceTree = "<group>"; };
		E9FF14F5253D8F100098BE0C /* UVServiceTests.swift */ = {isa = PBXFileReference; lastKnownFileType = sourcecode.swift; path = UVServiceTests.swift; sourceTree = "<group>"; };
		E9FF14FB253D90E70098BE0C /* URLFactory.swift */ = {isa = PBXFileReference; fileEncoding = 4; lastKnownFileType = sourcecode.swift; name = URLFactory.swift; path = app/Factories/URLFactory.swift; sourceTree = "<group>"; };
		E9FF1503253D9A8B0098BE0C /* TaskExecutable.swift */ = {isa = PBXFileReference; fileEncoding = 4; lastKnownFileType = sourcecode.swift; name = TaskExecutable.swift; path = app/Models/TaskExecutable.swift; sourceTree = "<group>"; };
		EBB0615A21A1CF9A0084E975 /* IndexTests.swift */ = {isa = PBXFileReference; lastKnownFileType = sourcecode.swift; path = IndexTests.swift; sourceTree = "<group>"; };
		EBB061CD21A1DC8B0084E975 /* UVService.swift */ = {isa = PBXFileReference; fileEncoding = 4; lastKnownFileType = sourcecode.swift; name = UVService.swift; path = app/Services/UVService.swift; sourceTree = "<group>"; };
		EBB061CE21A1DC8B0084E975 /* LocationService.swift */ = {isa = PBXFileReference; fileEncoding = 4; lastKnownFileType = sourcecode.swift; name = LocationService.swift; path = app/Services/LocationService.swift; sourceTree = "<group>"; };
		EBB061D121A1DC980084E975 /* Constants.swift */ = {isa = PBXFileReference; fileEncoding = 4; lastKnownFileType = sourcecode.swift; name = Constants.swift; path = app/Models/Constants.swift; sourceTree = "<group>"; };
		EBB061D221A1DC980084E975 /* String.swift */ = {isa = PBXFileReference; fileEncoding = 4; lastKnownFileType = sourcecode.swift; name = String.swift; path = app/Models/String.swift; sourceTree = "<group>"; };
		EBB061D321A1DC980084E975 /* UVError.swift */ = {isa = PBXFileReference; fileEncoding = 4; lastKnownFileType = sourcecode.swift; name = UVError.swift; path = app/Models/UVError.swift; sourceTree = "<group>"; };
		EBB061D421A1DC980084E975 /* Location.swift */ = {isa = PBXFileReference; fileEncoding = 4; lastKnownFileType = sourcecode.swift; name = Location.swift; path = app/Models/Location.swift; sourceTree = "<group>"; };
		EBB061D521A1DC980084E975 /* Forecast.swift */ = {isa = PBXFileReference; fileEncoding = 4; lastKnownFileType = sourcecode.swift; name = Forecast.swift; path = app/Models/Forecast.swift; sourceTree = "<group>"; };
		EBB061D621A1DC980084E975 /* Index.swift */ = {isa = PBXFileReference; fileEncoding = 4; lastKnownFileType = sourcecode.swift; name = Index.swift; path = app/Models/Index.swift; sourceTree = "<group>"; };
		EBB061E021A1DCA60084E975 /* AppDelegate.swift */ = {isa = PBXFileReference; fileEncoding = 4; lastKnownFileType = sourcecode.swift; name = AppDelegate.swift; path = app/AppDelegate.swift; sourceTree = "<group>"; };
		EBB061E521A1DCD50084E975 /* OpenSans-Semibold.ttf */ = {isa = PBXFileReference; lastKnownFileType = file; name = "OpenSans-Semibold.ttf"; path = "Resources/Fonts/OpenSans-Semibold.ttf"; sourceTree = "<group>"; };
		EBC1904E1E8EEAB600B9F2EC /* fr */ = {isa = PBXFileReference; lastKnownFileType = text.plist.strings; name = fr; path = fr.lproj/LaunchScreen.strings; sourceTree = "<group>"; };
		EBC1904F1E8EEAB600B9F2EC /* fr */ = {isa = PBXFileReference; lastKnownFileType = text.plist.strings; name = fr; path = fr.lproj/Localizable.strings; sourceTree = "<group>"; };
		EBCAA0461E7C30F000DC2E9D /* Base */ = {isa = PBXFileReference; lastKnownFileType = text.plist.strings; name = Base; path = Base.lproj/Localizable.strings; sourceTree = "<group>"; };
		EBCAA0481E7C30F200DC2E9D /* en */ = {isa = PBXFileReference; lastKnownFileType = text.plist.strings; name = en; path = en.lproj/Localizable.strings; sourceTree = "<group>"; };
		EBDA88931FAE5C89009514AB /* swiftUVTests.xctest */ = {isa = PBXFileReference; explicitFileType = wrapper.cfbundle; includeInIndex = 0; path = swiftUVTests.xctest; sourceTree = BUILT_PRODUCTS_DIR; };
		EBDA88971FAE5C89009514AB /* Info.plist */ = {isa = PBXFileReference; lastKnownFileType = text.plist.xml; path = Info.plist; sourceTree = "<group>"; };
		EBF4B74C1E7951D400B7A616 /* swiftUV.app */ = {isa = PBXFileReference; explicitFileType = wrapper.application; includeInIndex = 0; path = swiftUV.app; sourceTree = BUILT_PRODUCTS_DIR; };
		EBF4B7561E7951D400B7A616 /* Assets.xcassets */ = {isa = PBXFileReference; lastKnownFileType = folder.assetcatalog; path = Assets.xcassets; sourceTree = "<group>"; };
		EBF4B7591E7951D400B7A616 /* Base */ = {isa = PBXFileReference; lastKnownFileType = file.storyboard; name = Base; path = Base.lproj/LaunchScreen.storyboard; sourceTree = "<group>"; };
		EBF4B75B1E7951D400B7A616 /* Info.plist */ = {isa = PBXFileReference; lastKnownFileType = text.plist.xml; path = Info.plist; sourceTree = "<group>"; };
		EFBB7043C945108FD94D44AF /* Pods_swiftUVTests.framework */ = {isa = PBXFileReference; explicitFileType = wrapper.framework; includeInIndex = 0; path = Pods_swiftUVTests.framework; sourceTree = BUILT_PRODUCTS_DIR; };
/* End PBXFileReference section */

/* Begin PBXFrameworksBuildPhase section */
		EBDA88901FAE5C89009514AB /* Frameworks */ = {
			isa = PBXFrameworksBuildPhase;
			buildActionMask = 2147483647;
			files = (
				5F98968E285F31ECA77CF6F1 /* Pods_swiftUVTests.framework in Frameworks */,
			);
			runOnlyForDeploymentPostprocessing = 0;
		};
		EBF4B7491E7951D300B7A616 /* Frameworks */ = {
			isa = PBXFrameworksBuildPhase;
			buildActionMask = 2147483647;
			files = (
				6538403F53A4E29309F2F084 /* Pods_swiftUV.framework in Frameworks */,
			);
			runOnlyForDeploymentPostprocessing = 0;
		};
/* End PBXFrameworksBuildPhase section */

/* Begin PBXGroup section */
		768820A9F08C906FE75D8B77 /* Frameworks */ = {
			isa = PBXGroup;
			children = (
				59AC0D333DE20DF5F86F5B5C /* Pods_swiftUV.framework */,
				EFBB7043C945108FD94D44AF /* Pods_swiftUVTests.framework */,
			);
			name = Frameworks;
			sourceTree = "<group>";
		};
		E022E5CBE6E03142E37391DA /* Pods */ = {
			isa = PBXGroup;
			children = (
				4F32DAD95650411C27D7704A /* Pods-swiftUV.debug.xcconfig */,
				84B83E859B0ADFAB9D8946E1 /* Pods-swiftUV.release.xcconfig */,
				091ACF6A8F16618D0F5A2B41 /* Pods-swiftUVTests.debug.xcconfig */,
				8B91A999F78A3A6A33A70B5A /* Pods-swiftUVTests.release.xcconfig */,
			);
			name = Pods;
			sourceTree = "<group>";
		};
		E9C726CC22C576B30040E5BC /* Workers */ = {
			isa = PBXGroup;
			children = (
				E9C726CD22C577920040E5BC /* APIWorker.swift */,
				E9C726CF22C577B80040E5BC /* NetworkSession.swift */,
			);
			name = Workers;
			sourceTree = "<group>";
		};
		E9F8B50A253C4616004CEDF2 /* Factories */ = {
			isa = PBXGroup;
			children = (
				E9FF14FB253D90E70098BE0C /* URLFactory.swift */,
			);
			name = Factories;
			sourceTree = "<group>";
		};
		EBB061462198956B0084E975 /* Views */ = {
			isa = PBXGroup;
			children = (
				E9805F2E254731EF009E196C /* UVView.swift */,
				E9805F2F254731EF009E196C /* UVViewFactory.swift */,
				E9805F30254731EF009E196C /* ViewFactory.swift */,
			);
			name = Views;
			sourceTree = "<group>";
		};
		EBB06147219895700084E975 /* ViewModels */ = {
			isa = PBXGroup;
			children = (
				E9805F36254731F9009E196C /* UVViewModel.swift */,
			);
			name = ViewModels;
			sourceTree = "<group>";
		};
		EBB0614A219897140084E975 /* Services */ = {
			isa = PBXGroup;
			children = (
				EBB061CE21A1DC8B0084E975 /* LocationService.swift */,
				EBB061CD21A1DC8B0084E975 /* UVService.swift */,
			);
			name = Services;
			sourceTree = "<group>";
		};
		EBCAA0421E7C30CE00DC2E9D /* Translation */ = {
			isa = PBXGroup;
			children = (
				EBCAA0471E7C30F000DC2E9D /* Localizable.strings */,
			);
			name = Translation;
			sourceTree = "<group>";
		};
		EBDA88941FAE5C89009514AB /* swiftUVTests */ = {
			isa = PBXGroup;
			children = (
				E9805F4425473302009E196C /* GeneratedMocks.swift */,
				EBDA88971FAE5C89009514AB /* Info.plist */,
				EBB0615A21A1CF9A0084E975 /* IndexTests.swift */,
				E9FF14F5253D8F100098BE0C /* UVServiceTests.swift */,
				E9C726D122C5786C0040E5BC /* APIWorkerTests.swift */,
				E9833664253C966500EF7510 /* URLFactoryTests.swift */,
			);
			path = swiftUVTests;
			sourceTree = "<group>";
		};
		EBF4B7431E7951D300B7A616 = {
			isa = PBXGroup;
			children = (
				EBF4B74E1E7951D400B7A616 /* swiftUV */,
				EBDA88941FAE5C89009514AB /* swiftUVTests */,
				EBF4B74D1E7951D400B7A616 /* Products */,
				E022E5CBE6E03142E37391DA /* Pods */,
				768820A9F08C906FE75D8B77 /* Frameworks */,
			);
			sourceTree = "<group>";
		};
		EBF4B74D1E7951D400B7A616 /* Products */ = {
			isa = PBXGroup;
			children = (
				EBF4B74C1E7951D400B7A616 /* swiftUV.app */,
				EBDA88931FAE5C89009514AB /* swiftUVTests.xctest */,
			);
			name = Products;
			sourceTree = "<group>";
		};
		EBF4B74E1E7951D400B7A616 /* swiftUV */ = {
			isa = PBXGroup;
			children = (
				EBF4B7631E79917000B7A616 /* app */,
				EBF4B7641E79918100B7A616 /* Resources */,
				EBF4B7561E7951D400B7A616 /* Assets.xcassets */,
				E9A116342322E96C004DC9FB /* Colors.xcassets */,
				EBF4B7581E7951D400B7A616 /* LaunchScreen.storyboard */,
				EBF4B75B1E7951D400B7A616 /* Info.plist */,
			);
			path = swiftUV;
			sourceTree = "<group>";
		};
		EBF4B7631E79917000B7A616 /* app */ = {
			isa = PBXGroup;
			children = (
				EBB061462198956B0084E975 /* Views */,
				EBB06147219895700084E975 /* ViewModels */,
				EBB0614A219897140084E975 /* Services */,
				E9C726CC22C576B30040E5BC /* Workers */,
				EBF4B77A1E799BC600B7A616 /* Models */,
				E9F8B50A253C4616004CEDF2 /* Factories */,
				EBB061E021A1DCA60084E975 /* AppDelegate.swift */,
				E9805F3A25473206009E196C /* SceneDelegate.swift */,
				E96F2B672542D62C00C38427 /* AppComponents.swift */,
			);
			name = app;
			sourceTree = "<group>";
		};
		EBF4B7641E79918100B7A616 /* Resources */ = {
			isa = PBXGroup;
			children = (
				EBCAA0421E7C30CE00DC2E9D /* Translation */,
				EBF4B7651E79919100B7A616 /* Fonts */,
			);
			name = Resources;
			sourceTree = "<group>";
		};
		EBF4B7651E79919100B7A616 /* Fonts */ = {
			isa = PBXGroup;
			children = (
				EBB061E521A1DCD50084E975 /* OpenSans-Semibold.ttf */,
			);
			name = Fonts;
			sourceTree = "<group>";
		};
		EBF4B77A1E799BC600B7A616 /* Models */ = {
			isa = PBXGroup;
			children = (
				EBB061D121A1DC980084E975 /* Constants.swift */,
				EBB061D521A1DC980084E975 /* Forecast.swift */,
				EBB061D621A1DC980084E975 /* Index.swift */,
				EBB061D421A1DC980084E975 /* Location.swift */,
				E9FF1503253D9A8B0098BE0C /* TaskExecutable.swift */,
				EBB061D221A1DC980084E975 /* String.swift */,
				EBB061D321A1DC980084E975 /* UVError.swift */,
			);
			name = Models;
			sourceTree = "<group>";
		};
/* End PBXGroup section */

/* Begin PBXNativeTarget section */
		EBDA88921FAE5C89009514AB /* swiftUVTests */ = {
			isa = PBXNativeTarget;
			buildConfigurationList = EBDA889A1FAE5C89009514AB /* Build configuration list for PBXNativeTarget "swiftUVTests" */;
			buildPhases = (
				6E12D50FD8431F6DF4E052E4 /* [CP] Check Pods Manifest.lock */,
				EBDA888F1FAE5C89009514AB /* Sources */,
				EBDA88901FAE5C89009514AB /* Frameworks */,
				EBDA88911FAE5C89009514AB /* Resources */,
				9724060F794018FE06B0FACD /* [CP] Embed Pods Frameworks */,
			);
			buildRules = (
			);
			dependencies = (
				EBDA88991FAE5C89009514AB /* PBXTargetDependency */,
			);
			name = swiftUVTests;
			productName = swiftUVTests;
			productReference = EBDA88931FAE5C89009514AB /* swiftUVTests.xctest */;
			productType = "com.apple.product-type.bundle.unit-test";
		};
		EBF4B74B1E7951D300B7A616 /* swiftUV */ = {
			isa = PBXNativeTarget;
			buildConfigurationList = EBF4B75E1E7951D400B7A616 /* Build configuration list for PBXNativeTarget "swiftUV" */;
			buildPhases = (
				FF2CBAE60D64C458AECA6782 /* [CP] Check Pods Manifest.lock */,
				EBF4B7481E7951D300B7A616 /* Sources */,
				EBF4B7491E7951D300B7A616 /* Frameworks */,
				EBF4B74A1E7951D300B7A616 /* Resources */,
				8DAFA6781280E0C278DF29AA /* [CP] Embed Pods Frameworks */,
				EBC31C9F1FAF7FC6004DC13C /* SwiftLint */,
				EBB061F721A1DDFA0084E975 /* Cuckoo */,
			);
			buildRules = (
			);
			dependencies = (
			);
			name = swiftUV;
			productName = swiftUV;
			productReference = EBF4B74C1E7951D400B7A616 /* swiftUV.app */;
			productType = "com.apple.product-type.application";
		};
/* End PBXNativeTarget section */

/* Begin PBXProject section */
		EBF4B7441E7951D300B7A616 /* Project object */ = {
			isa = PBXProject;
			attributes = {
				LastSwiftUpdateCheck = 0910;
				LastUpgradeCheck = 1200;
				ORGANIZATIONNAME = "Thomas Guilleminot";
				TargetAttributes = {
					EBDA88921FAE5C89009514AB = {
						CreatedOnToolsVersion = 9.1;
						DevelopmentTeam = XDX42S5M9N;
						LastSwiftMigration = 1020;
						ProvisioningStyle = Automatic;
						TestTargetID = EBF4B74B1E7951D300B7A616;
					};
					EBF4B74B1E7951D300B7A616 = {
						CreatedOnToolsVersion = 8.2.1;
						DevelopmentTeam = XDX42S5M9N;
						LastSwiftMigration = 0900;
						ProvisioningStyle = Manual;
					};
				};
			};
			buildConfigurationList = EBF4B7471E7951D300B7A616 /* Build configuration list for PBXProject "swiftUV" */;
			compatibilityVersion = "Xcode 3.2";
			developmentRegion = en;
			hasScannedForEncodings = 0;
			knownRegions = (
				en,
				Base,
				fr,
			);
			mainGroup = EBF4B7431E7951D300B7A616;
			productRefGroup = EBF4B74D1E7951D400B7A616 /* Products */;
			projectDirPath = "";
			projectRoot = "";
			targets = (
				EBF4B74B1E7951D300B7A616 /* swiftUV */,
				EBDA88921FAE5C89009514AB /* swiftUVTests */,
			);
		};
/* End PBXProject section */

/* Begin PBXResourcesBuildPhase section */
		EBDA88911FAE5C89009514AB /* Resources */ = {
			isa = PBXResourcesBuildPhase;
			buildActionMask = 2147483647;
			files = (
			);
			runOnlyForDeploymentPostprocessing = 0;
		};
		EBF4B74A1E7951D300B7A616 /* Resources */ = {
			isa = PBXResourcesBuildPhase;
			buildActionMask = 2147483647;
			files = (
				EBF4B75A1E7951D400B7A616 /* LaunchScreen.storyboard in Resources */,
				EBCAA0451E7C30F000DC2E9D /* Localizable.strings in Resources */,
				EBF4B7571E7951D400B7A616 /* Assets.xcassets in Resources */,
				E9A116352322E96C004DC9FB /* Colors.xcassets in Resources */,
				EBB061EF21A1DCD60084E975 /* OpenSans-Semibold.ttf in Resources */,
			);
			runOnlyForDeploymentPostprocessing = 0;
		};
/* End PBXResourcesBuildPhase section */

/* Begin PBXShellScriptBuildPhase section */
		6E12D50FD8431F6DF4E052E4 /* [CP] Check Pods Manifest.lock */ = {
			isa = PBXShellScriptBuildPhase;
			buildActionMask = 2147483647;
			files = (
			);
			inputPaths = (
				"${PODS_PODFILE_DIR_PATH}/Podfile.lock",
				"${PODS_ROOT}/Manifest.lock",
			);
			name = "[CP] Check Pods Manifest.lock";
			outputPaths = (
				"$(DERIVED_FILE_DIR)/Pods-swiftUVTests-checkManifestLockResult.txt",
			);
			runOnlyForDeploymentPostprocessing = 0;
			shellPath = /bin/sh;
			shellScript = "diff \"${PODS_PODFILE_DIR_PATH}/Podfile.lock\" \"${PODS_ROOT}/Manifest.lock\" > /dev/null\nif [ $? != 0 ] ; then\n    # print error to STDERR\n    echo \"error: The sandbox is not in sync with the Podfile.lock. Run 'pod install' or update your CocoaPods installation.\" >&2\n    exit 1\nfi\n# This output is used by Xcode 'outputs' to avoid re-running this script phase.\necho \"SUCCESS\" > \"${SCRIPT_OUTPUT_FILE_0}\"\n";
			showEnvVarsInLog = 0;
		};
		8DAFA6781280E0C278DF29AA /* [CP] Embed Pods Frameworks */ = {
			isa = PBXShellScriptBuildPhase;
			buildActionMask = 2147483647;
			files = (
			);
			inputPaths = (
				"${PODS_ROOT}/Target Support Files/Pods-swiftUV/Pods-swiftUV-frameworks.sh",
				"${BUILT_PRODUCTS_DIR}/Keys-framework/Keys.framework",
				"${BUILT_PRODUCTS_DIR}/Bugsnag/Bugsnag.framework",
				"${BUILT_PRODUCTS_DIR}/ExytePopupView/ExytePopupView.framework",
				"${BUILT_PRODUCTS_DIR}/Resolver/Resolver.framework",
				"${BUILT_PRODUCTS_DIR}/ZLogger/ZLogger.framework",
			);
			name = "[CP] Embed Pods Frameworks";
			outputPaths = (
				"${TARGET_BUILD_DIR}/${FRAMEWORKS_FOLDER_PATH}/Keys.framework",
				"${TARGET_BUILD_DIR}/${FRAMEWORKS_FOLDER_PATH}/Bugsnag.framework",
				"${TARGET_BUILD_DIR}/${FRAMEWORKS_FOLDER_PATH}/ExytePopupView.framework",
				"${TARGET_BUILD_DIR}/${FRAMEWORKS_FOLDER_PATH}/Resolver.framework",
				"${TARGET_BUILD_DIR}/${FRAMEWORKS_FOLDER_PATH}/ZLogger.framework",
			);
			runOnlyForDeploymentPostprocessing = 0;
			shellPath = /bin/sh;
			shellScript = "\"${PODS_ROOT}/Target Support Files/Pods-swiftUV/Pods-swiftUV-frameworks.sh\"\n";
			showEnvVarsInLog = 0;
		};
		9724060F794018FE06B0FACD /* [CP] Embed Pods Frameworks */ = {
			isa = PBXShellScriptBuildPhase;
			buildActionMask = 2147483647;
			files = (
			);
			inputPaths = (
				"${PODS_ROOT}/Target Support Files/Pods-swiftUVTests/Pods-swiftUVTests-frameworks.sh",
				"${BUILT_PRODUCTS_DIR}/Keys-framework/Keys.framework",
				"${BUILT_PRODUCTS_DIR}/Cuckoo/Cuckoo.framework",
			);
			name = "[CP] Embed Pods Frameworks";
			outputPaths = (
				"${TARGET_BUILD_DIR}/${FRAMEWORKS_FOLDER_PATH}/Keys.framework",
				"${TARGET_BUILD_DIR}/${FRAMEWORKS_FOLDER_PATH}/Cuckoo.framework",
			);
			runOnlyForDeploymentPostprocessing = 0;
			shellPath = /bin/sh;
			shellScript = "\"${PODS_ROOT}/Target Support Files/Pods-swiftUVTests/Pods-swiftUVTests-frameworks.sh\"\n";
			showEnvVarsInLog = 0;
		};
		EBB061F721A1DDFA0084E975 /* Cuckoo */ = {
			isa = PBXShellScriptBuildPhase;
			buildActionMask = 12;
			files = (
			);
			inputFileListPaths = (
			);
			inputPaths = (
			);
			name = Cuckoo;
			outputFileListPaths = (
			);
			outputPaths = (
			);
			runOnlyForDeploymentPostprocessing = 0;
			shellPath = /bin/sh;
			shellScript = "# Define output file. Change \"$PROJECT_DIR/Tests\" to your test's root source folder, if it's not the default name.\nOUTPUT_FILE=\"$PROJECT_DIR/swiftUVTests/GeneratedMocks.swift\"\necho \"Generated Mocks File = $OUTPUT_FILE\"\n\n# Define input directory. Change \"$PROJECT_DIR\" to your project's root source folder, if it's not the default name.\nINPUT_DIR=\"$PROJECT_DIR\"\necho \"Mocks Input Directory = $INPUT_DIR\"\n\n# Generate mock files, include as many input files as you'd like to create mocks for.\n${PODS_ROOT}/Cuckoo/run generate --testable \"$PROJECT_NAME\" \\\n--output \"${OUTPUT_FILE}\" \\\n\"$INPUT_DIR/swiftUV/app/Presenters/UVPresenterImpl.swift\" \\\n\"$INPUT_DIR/swiftUV/app/Services/LocationService.swift\" \\\n\"$INPUT_DIR/swiftUV/app/Services/UVService.swift\" \\\n\"$INPUT_DIR/swiftUV/app/Workers/APIWorker.swift\" \\\n\"$INPUT_DIR/swiftUV/app/Workers/NetworkSession.swift\" \\\n\"$INPUT_DIR/swiftUV/app/Factories/URLFactory.swift\" \\\n\n# ... and so forth\n\n# After running once, locate `GeneratedMocks.swift` and drag it into your Xcode test target group.\n";
		};
		EBC31C9F1FAF7FC6004DC13C /* SwiftLint */ = {
			isa = PBXShellScriptBuildPhase;
			buildActionMask = 12;
			files = (
			);
			inputPaths = (
			);
			name = SwiftLint;
			outputPaths = (
			);
			runOnlyForDeploymentPostprocessing = 0;
			shellPath = /bin/sh;
			shellScript = "\"${PODS_ROOT}/SwiftLint/swiftlint\"\n";
		};
		FF2CBAE60D64C458AECA6782 /* [CP] Check Pods Manifest.lock */ = {
			isa = PBXShellScriptBuildPhase;
			buildActionMask = 2147483647;
			files = (
			);
			inputPaths = (
				"${PODS_PODFILE_DIR_PATH}/Podfile.lock",
				"${PODS_ROOT}/Manifest.lock",
			);
			name = "[CP] Check Pods Manifest.lock";
			outputPaths = (
				"$(DERIVED_FILE_DIR)/Pods-swiftUV-checkManifestLockResult.txt",
			);
			runOnlyForDeploymentPostprocessing = 0;
			shellPath = /bin/sh;
			shellScript = "diff \"${PODS_PODFILE_DIR_PATH}/Podfile.lock\" \"${PODS_ROOT}/Manifest.lock\" > /dev/null\nif [ $? != 0 ] ; then\n    # print error to STDERR\n    echo \"error: The sandbox is not in sync with the Podfile.lock. Run 'pod install' or update your CocoaPods installation.\" >&2\n    exit 1\nfi\n# This output is used by Xcode 'outputs' to avoid re-running this script phase.\necho \"SUCCESS\" > \"${SCRIPT_OUTPUT_FILE_0}\"\n";
			showEnvVarsInLog = 0;
		};
/* End PBXShellScriptBuildPhase section */

/* Begin PBXSourcesBuildPhase section */
		EBDA888F1FAE5C89009514AB /* Sources */ = {
			isa = PBXSourcesBuildPhase;
			buildActionMask = 2147483647;
			files = (
				EBB0615B21A1CF9A0084E975 /* IndexTests.swift in Sources */,
				E9C726D222C5786C0040E5BC /* APIWorkerTests.swift in Sources */,
				E9FF14F6253D8F100098BE0C /* UVServiceTests.swift in Sources */,
				E9833665253C966500EF7510 /* URLFactoryTests.swift in Sources */,
				E9805F4525473302009E196C /* GeneratedMocks.swift in Sources */,
			);
			runOnlyForDeploymentPostprocessing = 0;
		};
		EBF4B7481E7951D300B7A616 /* Sources */ = {
			isa = PBXSourcesBuildPhase;
			buildActionMask = 2147483647;
			files = (
				EBB061CF21A1DC8B0084E975 /* UVService.swift in Sources */,
				E9805F31254731EF009E196C /* UVView.swift in Sources */,
				EBB061DC21A1DC980084E975 /* Forecast.swift in Sources */,
				E9FF1504253D9A8B0098BE0C /* TaskExecutable.swift in Sources */,
				EBB061E221A1DCA60084E975 /* AppDelegate.swift in Sources */,
				E9805F32254731EF009E196C /* UVViewFactory.swift in Sources */,
				EBB061DB21A1DC980084E975 /* Location.swift in Sources */,
				E9C726CE22C577920040E5BC /* APIWorker.swift in Sources */,
				E9FF14FC253D90E70098BE0C /* URLFactory.swift in Sources */,
				E9C726D022C577B80040E5BC /* NetworkSession.swift in Sources */,
				E9805F37254731F9009E196C /* UVViewModel.swift in Sources */,
				EBB061D021A1DC8B0084E975 /* LocationService.swift in Sources */,
				EBB061D821A1DC980084E975 /* Constants.swift in Sources */,
				E96F2B682542D62C00C38427 /* AppComponents.swift in Sources */,
				EBB061D921A1DC980084E975 /* String.swift in Sources */,
				E9805F33254731EF009E196C /* ViewFactory.swift in Sources */,
				E9805F3B25473206009E196C /* SceneDelegate.swift in Sources */,
				EBB061DA21A1DC980084E975 /* UVError.swift in Sources */,
				EBB061DD21A1DC980084E975 /* Index.swift in Sources */,
			);
			runOnlyForDeploymentPostprocessing = 0;
		};
/* End PBXSourcesBuildPhase section */

/* Begin PBXTargetDependency section */
		EBDA88991FAE5C89009514AB /* PBXTargetDependency */ = {
			isa = PBXTargetDependency;
			target = EBF4B74B1E7951D300B7A616 /* swiftUV */;
			targetProxy = EBDA88981FAE5C89009514AB /* PBXContainerItemProxy */;
		};
/* End PBXTargetDependency section */

/* Begin PBXVariantGroup section */
		EBCAA0471E7C30F000DC2E9D /* Localizable.strings */ = {
			isa = PBXVariantGroup;
			children = (
				EBCAA0461E7C30F000DC2E9D /* Base */,
				EBCAA0481E7C30F200DC2E9D /* en */,
				EBC1904F1E8EEAB600B9F2EC /* fr */,
			);
			name = Localizable.strings;
			sourceTree = "<group>";
		};
		EBF4B7581E7951D400B7A616 /* LaunchScreen.storyboard */ = {
			isa = PBXVariantGroup;
			children = (
				EBF4B7591E7951D400B7A616 /* Base */,
				EBC1904E1E8EEAB600B9F2EC /* fr */,
			);
			name = LaunchScreen.storyboard;
			sourceTree = "<group>";
		};
/* End PBXVariantGroup section */

/* Begin XCBuildConfiguration section */
		EBDA889B1FAE5C89009514AB /* Debug */ = {
			isa = XCBuildConfiguration;
			baseConfigurationReference = 091ACF6A8F16618D0F5A2B41 /* Pods-swiftUVTests.debug.xcconfig */;
			buildSettings = {
				BUNDLE_LOADER = "$(TEST_HOST)";
				CLANG_ANALYZER_NUMBER_OBJECT_CONVERSION = YES_AGGRESSIVE;
				CLANG_CXX_LANGUAGE_STANDARD = "gnu++14";
				CLANG_ENABLE_MODULES = YES;
				CLANG_WARN_BLOCK_CAPTURE_AUTORELEASING = YES;
				CLANG_WARN_COMMA = YES;
				CLANG_WARN_NON_LITERAL_NULL_CONVERSION = YES;
				CLANG_WARN_OBJC_LITERAL_CONVERSION = YES;
				CLANG_WARN_RANGE_LOOP_ANALYSIS = YES;
				CLANG_WARN_STRICT_PROTOTYPES = YES;
				CLANG_WARN_UNGUARDED_AVAILABILITY = YES_AGGRESSIVE;
				CODE_SIGN_IDENTITY = "iPhone Developer";
				CODE_SIGN_STYLE = Automatic;
				DEVELOPMENT_TEAM = XDX42S5M9N;
				GCC_C_LANGUAGE_STANDARD = gnu11;
				INFOPLIST_FILE = swiftUVTests/Info.plist;
				IPHONEOS_DEPLOYMENT_TARGET = 14.0;
				LD_RUNPATH_SEARCH_PATHS = "$(inherited) @executable_path/Frameworks @loader_path/Frameworks";
				PRODUCT_BUNDLE_IDENTIFIER = com.swiftUVTests;
				PRODUCT_NAME = "$(TARGET_NAME)";
				SWIFT_OPTIMIZATION_LEVEL = "-Onone";
				SWIFT_VERSION = 5.0;
				TARGETED_DEVICE_FAMILY = "1,2";
				TEST_HOST = "$(BUILT_PRODUCTS_DIR)/swiftUV.app/swiftUV";
			};
			name = Debug;
		};
		EBDA889C1FAE5C89009514AB /* Release */ = {
			isa = XCBuildConfiguration;
			baseConfigurationReference = 8B91A999F78A3A6A33A70B5A /* Pods-swiftUVTests.release.xcconfig */;
			buildSettings = {
				BUNDLE_LOADER = "$(TEST_HOST)";
				CLANG_ANALYZER_NUMBER_OBJECT_CONVERSION = YES_AGGRESSIVE;
				CLANG_CXX_LANGUAGE_STANDARD = "gnu++14";
				CLANG_ENABLE_MODULES = YES;
				CLANG_WARN_BLOCK_CAPTURE_AUTORELEASING = YES;
				CLANG_WARN_COMMA = YES;
				CLANG_WARN_NON_LITERAL_NULL_CONVERSION = YES;
				CLANG_WARN_OBJC_LITERAL_CONVERSION = YES;
				CLANG_WARN_RANGE_LOOP_ANALYSIS = YES;
				CLANG_WARN_STRICT_PROTOTYPES = YES;
				CLANG_WARN_UNGUARDED_AVAILABILITY = YES_AGGRESSIVE;
				CODE_SIGN_IDENTITY = "iPhone Developer";
				CODE_SIGN_STYLE = Automatic;
				DEVELOPMENT_TEAM = XDX42S5M9N;
				GCC_C_LANGUAGE_STANDARD = gnu11;
				INFOPLIST_FILE = swiftUVTests/Info.plist;
				IPHONEOS_DEPLOYMENT_TARGET = 14.0;
				LD_RUNPATH_SEARCH_PATHS = "$(inherited) @executable_path/Frameworks @loader_path/Frameworks";
				PRODUCT_BUNDLE_IDENTIFIER = com.swiftUVTests;
				PRODUCT_NAME = "$(TARGET_NAME)";
				SWIFT_VERSION = 5.0;
				TARGETED_DEVICE_FAMILY = "1,2";
				TEST_HOST = "$(BUILT_PRODUCTS_DIR)/swiftUV.app/swiftUV";
			};
			name = Release;
		};
		EBF4B75C1E7951D400B7A616 /* Debug */ = {
			isa = XCBuildConfiguration;
			buildSettings = {
				ALWAYS_SEARCH_USER_PATHS = NO;
				CLANG_ANALYZER_LOCALIZABILITY_NONLOCALIZED = YES;
				CLANG_ANALYZER_NONNULL = YES;
				CLANG_CXX_LANGUAGE_STANDARD = "gnu++0x";
				CLANG_CXX_LIBRARY = "libc++";
				CLANG_ENABLE_MODULES = YES;
				CLANG_ENABLE_OBJC_ARC = YES;
				CLANG_WARN_BLOCK_CAPTURE_AUTORELEASING = YES;
				CLANG_WARN_BOOL_CONVERSION = YES;
				CLANG_WARN_COMMA = YES;
				CLANG_WARN_CONSTANT_CONVERSION = YES;
				CLANG_WARN_DEPRECATED_OBJC_IMPLEMENTATIONS = YES;
				CLANG_WARN_DIRECT_OBJC_ISA_USAGE = YES_ERROR;
				CLANG_WARN_DOCUMENTATION_COMMENTS = YES;
				CLANG_WARN_EMPTY_BODY = YES;
				CLANG_WARN_ENUM_CONVERSION = YES;
				CLANG_WARN_INFINITE_RECURSION = YES;
				CLANG_WARN_INT_CONVERSION = YES;
				CLANG_WARN_NON_LITERAL_NULL_CONVERSION = YES;
				CLANG_WARN_OBJC_IMPLICIT_RETAIN_SELF = YES;
				CLANG_WARN_OBJC_LITERAL_CONVERSION = YES;
				CLANG_WARN_OBJC_ROOT_CLASS = YES_ERROR;
				CLANG_WARN_QUOTED_INCLUDE_IN_FRAMEWORK_HEADER = YES;
				CLANG_WARN_RANGE_LOOP_ANALYSIS = YES;
				CLANG_WARN_STRICT_PROTOTYPES = YES;
				CLANG_WARN_SUSPICIOUS_MOVE = YES;
				CLANG_WARN_UNREACHABLE_CODE = YES;
				CLANG_WARN__DUPLICATE_METHOD_MATCH = YES;
				"CODE_SIGN_IDENTITY[sdk=iphoneos*]" = "iPhone Developer";
				COPY_PHASE_STRIP = NO;
				DEBUG_INFORMATION_FORMAT = dwarf;
				ENABLE_STRICT_OBJC_MSGSEND = YES;
				ENABLE_TESTABILITY = YES;
				GCC_C_LANGUAGE_STANDARD = gnu99;
				GCC_DYNAMIC_NO_PIC = NO;
				GCC_NO_COMMON_BLOCKS = YES;
				GCC_OPTIMIZATION_LEVEL = 0;
				GCC_PREPROCESSOR_DEFINITIONS = (
					"DEBUG=1",
					"$(inherited)",
				);
				GCC_WARN_64_TO_32_BIT_CONVERSION = YES;
				GCC_WARN_ABOUT_RETURN_TYPE = YES_ERROR;
				GCC_WARN_UNDECLARED_SELECTOR = YES;
				GCC_WARN_UNINITIALIZED_AUTOS = YES_AGGRESSIVE;
				GCC_WARN_UNUSED_FUNCTION = YES;
				GCC_WARN_UNUSED_VARIABLE = YES;
				IPHONEOS_DEPLOYMENT_TARGET = 14.0;
				MTL_ENABLE_DEBUG_INFO = YES;
				ONLY_ACTIVE_ARCH = YES;
				SDKROOT = iphoneos;
				SWIFT_ACTIVE_COMPILATION_CONDITIONS = DEBUG;
				SWIFT_OPTIMIZATION_LEVEL = "-Onone";
			};
			name = Debug;
		};
		EBF4B75D1E7951D400B7A616 /* Release */ = {
			isa = XCBuildConfiguration;
			buildSettings = {
				ALWAYS_SEARCH_USER_PATHS = NO;
				CLANG_ANALYZER_LOCALIZABILITY_NONLOCALIZED = YES;
				CLANG_ANALYZER_NONNULL = YES;
				CLANG_CXX_LANGUAGE_STANDARD = "gnu++0x";
				CLANG_CXX_LIBRARY = "libc++";
				CLANG_ENABLE_MODULES = YES;
				CLANG_ENABLE_OBJC_ARC = YES;
				CLANG_WARN_BLOCK_CAPTURE_AUTORELEASING = YES;
				CLANG_WARN_BOOL_CONVERSION = YES;
				CLANG_WARN_COMMA = YES;
				CLANG_WARN_CONSTANT_CONVERSION = YES;
				CLANG_WARN_DEPRECATED_OBJC_IMPLEMENTATIONS = YES;
				CLANG_WARN_DIRECT_OBJC_ISA_USAGE = YES_ERROR;
				CLANG_WARN_DOCUMENTATION_COMMENTS = YES;
				CLANG_WARN_EMPTY_BODY = YES;
				CLANG_WARN_ENUM_CONVERSION = YES;
				CLANG_WARN_INFINITE_RECURSION = YES;
				CLANG_WARN_INT_CONVERSION = YES;
				CLANG_WARN_NON_LITERAL_NULL_CONVERSION = YES;
				CLANG_WARN_OBJC_IMPLICIT_RETAIN_SELF = YES;
				CLANG_WARN_OBJC_LITERAL_CONVERSION = YES;
				CLANG_WARN_OBJC_ROOT_CLASS = YES_ERROR;
				CLANG_WARN_QUOTED_INCLUDE_IN_FRAMEWORK_HEADER = YES;
				CLANG_WARN_RANGE_LOOP_ANALYSIS = YES;
				CLANG_WARN_STRICT_PROTOTYPES = YES;
				CLANG_WARN_SUSPICIOUS_MOVE = YES;
				CLANG_WARN_UNREACHABLE_CODE = YES;
				CLANG_WARN__DUPLICATE_METHOD_MATCH = YES;
				"CODE_SIGN_IDENTITY[sdk=iphoneos*]" = "iPhone Developer";
				COPY_PHASE_STRIP = NO;
				DEBUG_INFORMATION_FORMAT = "dwarf-with-dsym";
				ENABLE_NS_ASSERTIONS = NO;
				ENABLE_STRICT_OBJC_MSGSEND = YES;
				GCC_C_LANGUAGE_STANDARD = gnu99;
				GCC_NO_COMMON_BLOCKS = YES;
				GCC_WARN_64_TO_32_BIT_CONVERSION = YES;
				GCC_WARN_ABOUT_RETURN_TYPE = YES_ERROR;
				GCC_WARN_UNDECLARED_SELECTOR = YES;
				GCC_WARN_UNINITIALIZED_AUTOS = YES_AGGRESSIVE;
				GCC_WARN_UNUSED_FUNCTION = YES;
				GCC_WARN_UNUSED_VARIABLE = YES;
				IPHONEOS_DEPLOYMENT_TARGET = 14.0;
				MTL_ENABLE_DEBUG_INFO = NO;
				SDKROOT = iphoneos;
				SWIFT_OPTIMIZATION_LEVEL = "-Owholemodule";
				VALIDATE_PRODUCT = YES;
			};
			name = Release;
		};
		EBF4B75F1E7951D400B7A616 /* Debug */ = {
			isa = XCBuildConfiguration;
			baseConfigurationReference = 4F32DAD95650411C27D7704A /* Pods-swiftUV.debug.xcconfig */;
			buildSettings = {
				ASSETCATALOG_COMPILER_APPICON_NAME = AppIcon;
				CODE_SIGN_IDENTITY = "Apple Development";
				"CODE_SIGN_IDENTITY[sdk=iphoneos*]" = "iPhone Developer";
				CODE_SIGN_STYLE = Manual;
				CURRENT_PROJECT_VERSION = 0;
				DEBUG_INFORMATION_FORMAT = "dwarf-with-dsym";
				DEVELOPMENT_TEAM = XDX42S5M9N;
				INFOPLIST_FILE = swiftUV/Info.plist;
				IPHONEOS_DEPLOYMENT_TARGET = 14.0;
				LD_RUNPATH_SEARCH_PATHS = "$(inherited) @executable_path/Frameworks";
				MARKETING_VERSION = 2.0.0;
				PRODUCT_BUNDLE_IDENTIFIER = com.zlatan.swiftUV;
				PRODUCT_NAME = "$(TARGET_NAME)";
				PROVISIONING_PROFILE = "ff2f93fb-7946-4ffc-a9c8-b1a55133e36e";
				PROVISIONING_PROFILE_SPECIFIER = "uv-today_dev";
				SWIFT_SWIFT3_OBJC_INFERENCE = Off;
				SWIFT_VERSION = 5.0;
				TARGETED_DEVICE_FAMILY = "1,2";
			};
			name = Debug;
		};
		EBF4B7601E7951D400B7A616 /* Release */ = {
			isa = XCBuildConfiguration;
			baseConfigurationReference = 84B83E859B0ADFAB9D8946E1 /* Pods-swiftUV.release.xcconfig */;
			buildSettings = {
				ASSETCATALOG_COMPILER_APPICON_NAME = AppIcon;
				"CODE_SIGN_IDENTITY[sdk=iphoneos*]" = "iPhone Distribution";
				CURRENT_PROJECT_VERSION = 0;
				DEVELOPMENT_TEAM = XDX42S5M9N;
				INFOPLIST_FILE = swiftUV/Info.plist;
				IPHONEOS_DEPLOYMENT_TARGET = 14.0;
				LD_RUNPATH_SEARCH_PATHS = "$(inherited) @executable_path/Frameworks";
				MARKETING_VERSION = 2.0.0;
				PRODUCT_BUNDLE_IDENTIFIER = com.zlatan.swiftUV;
				PRODUCT_NAME = "$(TARGET_NAME)";
				PROVISIONING_PROFILE = "f7c749cb-6205-4c81-895e-2b74e79d6421";
				PROVISIONING_PROFILE_SPECIFIER = "uv-today_appstore";
				SWIFT_ACTIVE_COMPILATION_CONDITIONS = RELEASE;
				SWIFT_SWIFT3_OBJC_INFERENCE = Off;
				SWIFT_VERSION = 5.0;
				TARGETED_DEVICE_FAMILY = "1,2";
			};
			name = Release;
		};
/* End XCBuildConfiguration section */

/* Begin XCConfigurationList section */
		EBDA889A1FAE5C89009514AB /* Build configuration list for PBXNativeTarget "swiftUVTests" */ = {
			isa = XCConfigurationList;
			buildConfigurations = (
				EBDA889B1FAE5C89009514AB /* Debug */,
				EBDA889C1FAE5C89009514AB /* Release */,
			);
			defaultConfigurationIsVisible = 0;
			defaultConfigurationName = Release;
		};
		EBF4B7471E7951D300B7A616 /* Build configuration list for PBXProject "swiftUV" */ = {
			isa = XCConfigurationList;
			buildConfigurations = (
				EBF4B75C1E7951D400B7A616 /* Debug */,
				EBF4B75D1E7951D400B7A616 /* Release */,
			);
			defaultConfigurationIsVisible = 0;
			defaultConfigurationName = Release;
		};
		EBF4B75E1E7951D400B7A616 /* Build configuration list for PBXNativeTarget "swiftUV" */ = {
			isa = XCConfigurationList;
			buildConfigurations = (
				EBF4B75F1E7951D400B7A616 /* Debug */,
				EBF4B7601E7951D400B7A616 /* Release */,
			);
			defaultConfigurationIsVisible = 0;
			defaultConfigurationName = Release;
		};
/* End XCConfigurationList section */
	};
	rootObject = EBF4B7441E7951D300B7A616 /* Project object */;
}
