// !$*UTF8*$!
{
	archiveVersion = 1;
	classes = {
	};
	objectVersion = 46;
	objects = {

/* Begin PBXBuildFile section */
		5F98968E285F31ECA77CF6F1 /* Pods_swiftUVTests.framework in Frameworks */ = {isa = PBXBuildFile; fileRef = EFBB7043C945108FD94D44AF /* Pods_swiftUVTests.framework */; };
		6538403F53A4E29309F2F084 /* Pods_swiftUV.framework in Frameworks */ = {isa = PBXBuildFile; fileRef = 59AC0D333DE20DF5F86F5B5C /* Pods_swiftUV.framework */; };
		EB5A521B219F618100898BEA /* UVService.swift in Sources */ = {isa = PBXBuildFile; fileRef = EB5A521A219F618100898BEA /* UVService.swift */; };
		EBB061492198960B0084E975 /* UVPresenterImpl.swift in Sources */ = {isa = PBXBuildFile; fileRef = EBB061482198960B0084E975 /* UVPresenterImpl.swift */; };
		EBB0614C219897290084E975 /* LocationService.swift in Sources */ = {isa = PBXBuildFile; fileRef = EBB0614B219897290084E975 /* LocationService.swift */; };
		EBB0614E2198A6790084E975 /* Location.swift in Sources */ = {isa = PBXBuildFile; fileRef = EBB0614D2198A6790084E975 /* Location.swift */; };
		EBB06150219F67560084E975 /* Forecast.swift in Sources */ = {isa = PBXBuildFile; fileRef = EBB0614F219F67560084E975 /* Forecast.swift */; };
		EBB06152219F69210084E975 /* UVError.swift in Sources */ = {isa = PBXBuildFile; fileRef = EBB06151219F69210084E975 /* UVError.swift */; };
		EBB06154219F6E030084E975 /* Index.swift in Sources */ = {isa = PBXBuildFile; fileRef = EBB06153219F6E030084E975 /* Index.swift */; };
		EBB0615621A1C8670084E975 /* AppComponents.swift in Sources */ = {isa = PBXBuildFile; fileRef = EBB0615521A1C8670084E975 /* AppComponents.swift */; };
		EBCAA0361E7AD64400DC2E9D /* PopupManager.swift in Sources */ = {isa = PBXBuildFile; fileRef = EBCAA0351E7AD64400DC2E9D /* PopupManager.swift */; };
		EBCAA0411E7C30A200DC2E9D /* String.swift in Sources */ = {isa = PBXBuildFile; fileRef = EBCAA0401E7C30A200DC2E9D /* String.swift */; };
		EBCAA0451E7C30F000DC2E9D /* Localizable.strings in Resources */ = {isa = PBXBuildFile; fileRef = EBCAA0471E7C30F000DC2E9D /* Localizable.strings */; };
		EBDA888E1FAE5814009514AB /* Constants.swift in Sources */ = {isa = PBXBuildFile; fileRef = EBDA888D1FAE5814009514AB /* Constants.swift */; };
		EBDA88961FAE5C89009514AB /* MainViewControllerTests.swift in Sources */ = {isa = PBXBuildFile; fileRef = EBDA88951FAE5C89009514AB /* MainViewControllerTests.swift */; };
		EBF4B7501E7951D400B7A616 /* AppDelegate.swift in Sources */ = {isa = PBXBuildFile; fileRef = EBF4B74F1E7951D400B7A616 /* AppDelegate.swift */; };
		EBF4B7551E7951D400B7A616 /* Main.storyboard in Resources */ = {isa = PBXBuildFile; fileRef = EBF4B7531E7951D400B7A616 /* Main.storyboard */; };
		EBF4B7571E7951D400B7A616 /* Assets.xcassets in Resources */ = {isa = PBXBuildFile; fileRef = EBF4B7561E7951D400B7A616 /* Assets.xcassets */; };
		EBF4B75A1E7951D400B7A616 /* LaunchScreen.storyboard in Resources */ = {isa = PBXBuildFile; fileRef = EBF4B7581E7951D400B7A616 /* LaunchScreen.storyboard */; };
		EBF4B7621E79551B00B7A616 /* UVViewController.swift in Sources */ = {isa = PBXBuildFile; fileRef = EBF4B7611E79551B00B7A616 /* UVViewController.swift */; };
		EBF4B7701E79924700B7A616 /* OpenSans-Bold.ttf in Resources */ = {isa = PBXBuildFile; fileRef = EBF4B7661E79924700B7A616 /* OpenSans-Bold.ttf */; };
		EBF4B7711E79924700B7A616 /* OpenSans-BoldItalic.ttf in Resources */ = {isa = PBXBuildFile; fileRef = EBF4B7671E79924700B7A616 /* OpenSans-BoldItalic.ttf */; };
		EBF4B7721E79924700B7A616 /* OpenSans-ExtraBold.ttf in Resources */ = {isa = PBXBuildFile; fileRef = EBF4B7681E79924700B7A616 /* OpenSans-ExtraBold.ttf */; };
		EBF4B7731E79924700B7A616 /* OpenSans-ExtraBoldItalic.ttf in Resources */ = {isa = PBXBuildFile; fileRef = EBF4B7691E79924700B7A616 /* OpenSans-ExtraBoldItalic.ttf */; };
		EBF4B7741E79924700B7A616 /* OpenSans-Italic.ttf in Resources */ = {isa = PBXBuildFile; fileRef = EBF4B76A1E79924700B7A616 /* OpenSans-Italic.ttf */; };
		EBF4B7751E79924700B7A616 /* OpenSans-Light.ttf in Resources */ = {isa = PBXBuildFile; fileRef = EBF4B76B1E79924700B7A616 /* OpenSans-Light.ttf */; };
		EBF4B7761E79924700B7A616 /* OpenSans-LightItalic.ttf in Resources */ = {isa = PBXBuildFile; fileRef = EBF4B76C1E79924700B7A616 /* OpenSans-LightItalic.ttf */; };
		EBF4B7771E79924700B7A616 /* OpenSans-Regular.ttf in Resources */ = {isa = PBXBuildFile; fileRef = EBF4B76D1E79924700B7A616 /* OpenSans-Regular.ttf */; };
		EBF4B7781E79924700B7A616 /* OpenSans-Semibold.ttf in Resources */ = {isa = PBXBuildFile; fileRef = EBF4B76E1E79924700B7A616 /* OpenSans-Semibold.ttf */; };
		EBF4B7791E79924700B7A616 /* OpenSans-SemiboldItalic.ttf in Resources */ = {isa = PBXBuildFile; fileRef = EBF4B76F1E79924700B7A616 /* OpenSans-SemiboldItalic.ttf */; };
/* End PBXBuildFile section */

/* Begin PBXContainerItemProxy section */
		EBDA88981FAE5C89009514AB /* PBXContainerItemProxy */ = {
			isa = PBXContainerItemProxy;
			containerPortal = EBF4B7441E7951D300B7A616 /* Project object */;
			proxyType = 1;
			remoteGlobalIDString = EBF4B74B1E7951D300B7A616;
			remoteInfo = swiftUV;
		};
/* End PBXContainerItemProxy section */

/* Begin PBXFileReference section */
		091ACF6A8F16618D0F5A2B41 /* Pods-swiftUVTests.debug.xcconfig */ = {isa = PBXFileReference; includeInIndex = 1; lastKnownFileType = text.xcconfig; name = "Pods-swiftUVTests.debug.xcconfig"; path = "Pods/Target Support Files/Pods-swiftUVTests/Pods-swiftUVTests.debug.xcconfig"; sourceTree = "<group>"; };
		4F32DAD95650411C27D7704A /* Pods-swiftUV.debug.xcconfig */ = {isa = PBXFileReference; includeInIndex = 1; lastKnownFileType = text.xcconfig; name = "Pods-swiftUV.debug.xcconfig"; path = "Pods/Target Support Files/Pods-swiftUV/Pods-swiftUV.debug.xcconfig"; sourceTree = "<group>"; };
		59AC0D333DE20DF5F86F5B5C /* Pods_swiftUV.framework */ = {isa = PBXFileReference; explicitFileType = wrapper.framework; includeInIndex = 0; path = Pods_swiftUV.framework; sourceTree = BUILT_PRODUCTS_DIR; };
		84B83E859B0ADFAB9D8946E1 /* Pods-swiftUV.release.xcconfig */ = {isa = PBXFileReference; includeInIndex = 1; lastKnownFileType = text.xcconfig; name = "Pods-swiftUV.release.xcconfig"; path = "Pods/Target Support Files/Pods-swiftUV/Pods-swiftUV.release.xcconfig"; sourceTree = "<group>"; };
		8B91A999F78A3A6A33A70B5A /* Pods-swiftUVTests.release.xcconfig */ = {isa = PBXFileReference; includeInIndex = 1; lastKnownFileType = text.xcconfig; name = "Pods-swiftUVTests.release.xcconfig"; path = "Pods/Target Support Files/Pods-swiftUVTests/Pods-swiftUVTests.release.xcconfig"; sourceTree = "<group>"; };
		EB055CB01FAE532700FE7A46 /* en */ = {isa = PBXFileReference; lastKnownFileType = text.plist.strings; name = en; path = en.lproj/Main.strings; sourceTree = "<group>"; };
		EB5A521A219F618100898BEA /* UVService.swift */ = {isa = PBXFileReference; lastKnownFileType = sourcecode.swift; path = UVService.swift; sourceTree = "<group>"; };
		EBB061482198960B0084E975 /* UVPresenterImpl.swift */ = {isa = PBXFileReference; lastKnownFileType = sourcecode.swift; path = UVPresenterImpl.swift; sourceTree = "<group>"; };
		EBB0614B219897290084E975 /* LocationService.swift */ = {isa = PBXFileReference; lastKnownFileType = sourcecode.swift; path = LocationService.swift; sourceTree = "<group>"; };
		EBB0614D2198A6790084E975 /* Location.swift */ = {isa = PBXFileReference; lastKnownFileType = sourcecode.swift; path = Location.swift; sourceTree = "<group>"; };
		EBB0614F219F67560084E975 /* Forecast.swift */ = {isa = PBXFileReference; lastKnownFileType = sourcecode.swift; path = Forecast.swift; sourceTree = "<group>"; };
		EBB06151219F69210084E975 /* UVError.swift */ = {isa = PBXFileReference; lastKnownFileType = sourcecode.swift; path = UVError.swift; sourceTree = "<group>"; };
		EBB06153219F6E030084E975 /* Index.swift */ = {isa = PBXFileReference; lastKnownFileType = sourcecode.swift; path = Index.swift; sourceTree = "<group>"; };
		EBB0615521A1C8670084E975 /* AppComponents.swift */ = {isa = PBXFileReference; lastKnownFileType = sourcecode.swift; path = AppComponents.swift; sourceTree = "<group>"; };
		EBC1904D1E8EEAB600B9F2EC /* fr */ = {isa = PBXFileReference; lastKnownFileType = text.plist.strings; name = fr; path = fr.lproj/Main.strings; sourceTree = "<group>"; };
		EBC1904E1E8EEAB600B9F2EC /* fr */ = {isa = PBXFileReference; lastKnownFileType = text.plist.strings; name = fr; path = fr.lproj/LaunchScreen.strings; sourceTree = "<group>"; };
		EBC1904F1E8EEAB600B9F2EC /* fr */ = {isa = PBXFileReference; lastKnownFileType = text.plist.strings; name = fr; path = fr.lproj/Localizable.strings; sourceTree = "<group>"; };
		EBCAA0351E7AD64400DC2E9D /* PopupManager.swift */ = {isa = PBXFileReference; fileEncoding = 4; lastKnownFileType = sourcecode.swift; path = PopupManager.swift; sourceTree = "<group>"; };
		EBCAA0401E7C30A200DC2E9D /* String.swift */ = {isa = PBXFileReference; fileEncoding = 4; lastKnownFileType = sourcecode.swift; path = String.swift; sourceTree = "<group>"; };
		EBCAA0461E7C30F000DC2E9D /* Base */ = {isa = PBXFileReference; lastKnownFileType = text.plist.strings; name = Base; path = Base.lproj/Localizable.strings; sourceTree = "<group>"; };
		EBCAA0481E7C30F200DC2E9D /* en */ = {isa = PBXFileReference; lastKnownFileType = text.plist.strings; name = en; path = en.lproj/Localizable.strings; sourceTree = "<group>"; };
		EBDA888D1FAE5814009514AB /* Constants.swift */ = {isa = PBXFileReference; lastKnownFileType = sourcecode.swift; path = Constants.swift; sourceTree = "<group>"; };
		EBDA88931FAE5C89009514AB /* swiftUVTests.xctest */ = {isa = PBXFileReference; explicitFileType = wrapper.cfbundle; includeInIndex = 0; path = swiftUVTests.xctest; sourceTree = BUILT_PRODUCTS_DIR; };
		EBDA88951FAE5C89009514AB /* MainViewControllerTests.swift */ = {isa = PBXFileReference; lastKnownFileType = sourcecode.swift; path = MainViewControllerTests.swift; sourceTree = "<group>"; };
		EBDA88971FAE5C89009514AB /* Info.plist */ = {isa = PBXFileReference; lastKnownFileType = text.plist.xml; path = Info.plist; sourceTree = "<group>"; };
		EBF4B74C1E7951D400B7A616 /* swiftUV.app */ = {isa = PBXFileReference; explicitFileType = wrapper.application; includeInIndex = 0; path = swiftUV.app; sourceTree = BUILT_PRODUCTS_DIR; };
		EBF4B74F1E7951D400B7A616 /* AppDelegate.swift */ = {isa = PBXFileReference; lastKnownFileType = sourcecode.swift; path = AppDelegate.swift; sourceTree = "<group>"; };
		EBF4B7541E7951D400B7A616 /* Base */ = {isa = PBXFileReference; lastKnownFileType = file.storyboard; name = Base; path = Base.lproj/Main.storyboard; sourceTree = "<group>"; };
		EBF4B7561E7951D400B7A616 /* Assets.xcassets */ = {isa = PBXFileReference; lastKnownFileType = folder.assetcatalog; path = Assets.xcassets; sourceTree = "<group>"; };
		EBF4B7591E7951D400B7A616 /* Base */ = {isa = PBXFileReference; lastKnownFileType = file.storyboard; name = Base; path = Base.lproj/LaunchScreen.storyboard; sourceTree = "<group>"; };
		EBF4B75B1E7951D400B7A616 /* Info.plist */ = {isa = PBXFileReference; lastKnownFileType = text.plist.xml; path = Info.plist; sourceTree = "<group>"; };
		EBF4B7611E79551B00B7A616 /* UVViewController.swift */ = {isa = PBXFileReference; fileEncoding = 4; lastKnownFileType = sourcecode.swift; path = UVViewController.swift; sourceTree = "<group>"; };
		EBF4B7661E79924700B7A616 /* OpenSans-Bold.ttf */ = {isa = PBXFileReference; lastKnownFileType = file; path = "OpenSans-Bold.ttf"; sourceTree = "<group>"; };
		EBF4B7671E79924700B7A616 /* OpenSans-BoldItalic.ttf */ = {isa = PBXFileReference; lastKnownFileType = file; path = "OpenSans-BoldItalic.ttf"; sourceTree = "<group>"; };
		EBF4B7681E79924700B7A616 /* OpenSans-ExtraBold.ttf */ = {isa = PBXFileReference; lastKnownFileType = file; path = "OpenSans-ExtraBold.ttf"; sourceTree = "<group>"; };
		EBF4B7691E79924700B7A616 /* OpenSans-ExtraBoldItalic.ttf */ = {isa = PBXFileReference; lastKnownFileType = file; path = "OpenSans-ExtraBoldItalic.ttf"; sourceTree = "<group>"; };
		EBF4B76A1E79924700B7A616 /* OpenSans-Italic.ttf */ = {isa = PBXFileReference; lastKnownFileType = file; path = "OpenSans-Italic.ttf"; sourceTree = "<group>"; };
		EBF4B76B1E79924700B7A616 /* OpenSans-Light.ttf */ = {isa = PBXFileReference; lastKnownFileType = file; path = "OpenSans-Light.ttf"; sourceTree = "<group>"; };
		EBF4B76C1E79924700B7A616 /* OpenSans-LightItalic.ttf */ = {isa = PBXFileReference; lastKnownFileType = file; path = "OpenSans-LightItalic.ttf"; sourceTree = "<group>"; };
		EBF4B76D1E79924700B7A616 /* OpenSans-Regular.ttf */ = {isa = PBXFileReference; lastKnownFileType = file; path = "OpenSans-Regular.ttf"; sourceTree = "<group>"; };
		EBF4B76E1E79924700B7A616 /* OpenSans-Semibold.ttf */ = {isa = PBXFileReference; lastKnownFileType = file; path = "OpenSans-Semibold.ttf"; sourceTree = "<group>"; };
		EBF4B76F1E79924700B7A616 /* OpenSans-SemiboldItalic.ttf */ = {isa = PBXFileReference; lastKnownFileType = file; path = "OpenSans-SemiboldItalic.ttf"; sourceTree = "<group>"; };
		EFBB7043C945108FD94D44AF /* Pods_swiftUVTests.framework */ = {isa = PBXFileReference; explicitFileType = wrapper.framework; includeInIndex = 0; path = Pods_swiftUVTests.framework; sourceTree = BUILT_PRODUCTS_DIR; };
/* End PBXFileReference section */

/* Begin PBXFrameworksBuildPhase section */
		EBDA88901FAE5C89009514AB /* Frameworks */ = {
			isa = PBXFrameworksBuildPhase;
			buildActionMask = 2147483647;
			files = (
				5F98968E285F31ECA77CF6F1 /* Pods_swiftUVTests.framework in Frameworks */,
			);
			runOnlyForDeploymentPostprocessing = 0;
		};
		EBF4B7491E7951D300B7A616 /* Frameworks */ = {
			isa = PBXFrameworksBuildPhase;
			buildActionMask = 2147483647;
			files = (
				6538403F53A4E29309F2F084 /* Pods_swiftUV.framework in Frameworks */,
			);
			runOnlyForDeploymentPostprocessing = 0;
		};
/* End PBXFrameworksBuildPhase section */

/* Begin PBXGroup section */
		768820A9F08C906FE75D8B77 /* Frameworks */ = {
			isa = PBXGroup;
			children = (
				59AC0D333DE20DF5F86F5B5C /* Pods_swiftUV.framework */,
				EFBB7043C945108FD94D44AF /* Pods_swiftUVTests.framework */,
			);
			name = Frameworks;
			sourceTree = "<group>";
		};
		E022E5CBE6E03142E37391DA /* Pods */ = {
			isa = PBXGroup;
			children = (
				4F32DAD95650411C27D7704A /* Pods-swiftUV.debug.xcconfig */,
				84B83E859B0ADFAB9D8946E1 /* Pods-swiftUV.release.xcconfig */,
				091ACF6A8F16618D0F5A2B41 /* Pods-swiftUVTests.debug.xcconfig */,
				8B91A999F78A3A6A33A70B5A /* Pods-swiftUVTests.release.xcconfig */,
			);
			name = Pods;
			sourceTree = "<group>";
		};
		EBB061462198956B0084E975 /* Views */ = {
			isa = PBXGroup;
			children = (
				EBF4B7611E79551B00B7A616 /* UVViewController.swift */,
			);
			name = Views;
			sourceTree = "<group>";
		};
		EBB06147219895700084E975 /* Presenters */ = {
			isa = PBXGroup;
			children = (
				EBB061482198960B0084E975 /* UVPresenterImpl.swift */,
			);
			name = Presenters;
			sourceTree = "<group>";
		};
		EBB0614A219897140084E975 /* Services */ = {
			isa = PBXGroup;
			children = (
				EBB0614B219897290084E975 /* LocationService.swift */,
				EB5A521A219F618100898BEA /* UVService.swift */,
			);
			name = Services;
			sourceTree = "<group>";
		};
		EBCAA0421E7C30CE00DC2E9D /* Translation */ = {
			isa = PBXGroup;
			children = (
				EBCAA0471E7C30F000DC2E9D /* Localizable.strings */,
			);
			name = Translation;
			sourceTree = "<group>";
		};
		EBDA88941FAE5C89009514AB /* swiftUVTests */ = {
			isa = PBXGroup;
			children = (
				EBDA88951FAE5C89009514AB /* MainViewControllerTests.swift */,
				EBDA88971FAE5C89009514AB /* Info.plist */,
			);
			path = swiftUVTests;
			sourceTree = "<group>";
		};
		EBF4B7431E7951D300B7A616 = {
			isa = PBXGroup;
			children = (
				EBF4B74E1E7951D400B7A616 /* swiftUV */,
				EBDA88941FAE5C89009514AB /* swiftUVTests */,
				EBF4B74D1E7951D400B7A616 /* Products */,
				E022E5CBE6E03142E37391DA /* Pods */,
				768820A9F08C906FE75D8B77 /* Frameworks */,
			);
			sourceTree = "<group>";
		};
		EBF4B74D1E7951D400B7A616 /* Products */ = {
			isa = PBXGroup;
			children = (
				EBF4B74C1E7951D400B7A616 /* swiftUV.app */,
				EBDA88931FAE5C89009514AB /* swiftUVTests.xctest */,
			);
			name = Products;
			sourceTree = "<group>";
		};
		EBF4B74E1E7951D400B7A616 /* swiftUV */ = {
			isa = PBXGroup;
			children = (
				EBF4B7631E79917000B7A616 /* app */,
				EBF4B7641E79918100B7A616 /* Resources */,
				EBF4B7561E7951D400B7A616 /* Assets.xcassets */,
				EBF4B7581E7951D400B7A616 /* LaunchScreen.storyboard */,
				EBF4B75B1E7951D400B7A616 /* Info.plist */,
			);
			path = swiftUV;
			sourceTree = "<group>";
		};
		EBF4B7631E79917000B7A616 /* app */ = {
			isa = PBXGroup;
			children = (
				EBB061462198956B0084E975 /* Views */,
				EBB06147219895700084E975 /* Presenters */,
				EBB0614A219897140084E975 /* Services */,
				EBF4B77D1E799CA600B7A616 /* Extensions */,
				EBF4B77A1E799BC600B7A616 /* Models */,
				EBF4B74F1E7951D400B7A616 /* AppDelegate.swift */,
				EBB0615521A1C8670084E975 /* AppComponents.swift */,
				EBF4B7531E7951D400B7A616 /* Main.storyboard */,
			);
			name = app;
			sourceTree = "<group>";
		};
		EBF4B7641E79918100B7A616 /* Resources */ = {
			isa = PBXGroup;
			children = (
				EBCAA0421E7C30CE00DC2E9D /* Translation */,
				EBF4B7651E79919100B7A616 /* Fonts */,
			);
			name = Resources;
			sourceTree = "<group>";
		};
		EBF4B7651E79919100B7A616 /* Fonts */ = {
			isa = PBXGroup;
			children = (
				EBF4B7661E79924700B7A616 /* OpenSans-Bold.ttf */,
				EBF4B7671E79924700B7A616 /* OpenSans-BoldItalic.ttf */,
				EBF4B7681E79924700B7A616 /* OpenSans-ExtraBold.ttf */,
				EBF4B7691E79924700B7A616 /* OpenSans-ExtraBoldItalic.ttf */,
				EBF4B76A1E79924700B7A616 /* OpenSans-Italic.ttf */,
				EBF4B76B1E79924700B7A616 /* OpenSans-Light.ttf */,
				EBF4B76C1E79924700B7A616 /* OpenSans-LightItalic.ttf */,
				EBF4B76D1E79924700B7A616 /* OpenSans-Regular.ttf */,
				EBF4B76E1E79924700B7A616 /* OpenSans-Semibold.ttf */,
				EBF4B76F1E79924700B7A616 /* OpenSans-SemiboldItalic.ttf */,
			);
			name = Fonts;
			sourceTree = "<group>";
		};
		EBF4B77A1E799BC600B7A616 /* Models */ = {
			isa = PBXGroup;
			children = (
				EBCAA0351E7AD64400DC2E9D /* PopupManager.swift */,
				EBCAA0401E7C30A200DC2E9D /* String.swift */,
				EBDA888D1FAE5814009514AB /* Constants.swift */,
				EBB0614D2198A6790084E975 /* Location.swift */,
				EBB0614F219F67560084E975 /* Forecast.swift */,
				EBB06153219F6E030084E975 /* Index.swift */,
				EBB06151219F69210084E975 /* UVError.swift */,
			);
			name = Models;
			sourceTree = "<group>";
		};
		EBF4B77D1E799CA600B7A616 /* Extensions */ = {
			isa = PBXGroup;
			children = (
			);
			name = Extensions;
			sourceTree = "<group>";
		};
/* End PBXGroup section */

/* Begin PBXNativeTarget section */
		EBDA88921FAE5C89009514AB /* swiftUVTests */ = {
			isa = PBXNativeTarget;
			buildConfigurationList = EBDA889A1FAE5C89009514AB /* Build configuration list for PBXNativeTarget "swiftUVTests" */;
			buildPhases = (
				6E12D50FD8431F6DF4E052E4 /* [CP] Check Pods Manifest.lock */,
				EBDA888F1FAE5C89009514AB /* Sources */,
				EBDA88901FAE5C89009514AB /* Frameworks */,
				EBDA88911FAE5C89009514AB /* Resources */,
				9724060F794018FE06B0FACD /* [CP] Embed Pods Frameworks */,
			);
			buildRules = (
			);
			dependencies = (
				EBDA88991FAE5C89009514AB /* PBXTargetDependency */,
			);
			name = swiftUVTests;
			productName = swiftUVTests;
			productReference = EBDA88931FAE5C89009514AB /* swiftUVTests.xctest */;
			productType = "com.apple.product-type.bundle.unit-test";
		};
		EBF4B74B1E7951D300B7A616 /* swiftUV */ = {
			isa = PBXNativeTarget;
			buildConfigurationList = EBF4B75E1E7951D400B7A616 /* Build configuration list for PBXNativeTarget "swiftUV" */;
			buildPhases = (
				FF2CBAE60D64C458AECA6782 /* [CP] Check Pods Manifest.lock */,
				EBF4B7481E7951D300B7A616 /* Sources */,
				EBF4B7491E7951D300B7A616 /* Frameworks */,
				EBF4B74A1E7951D300B7A616 /* Resources */,
				8DAFA6781280E0C278DF29AA /* [CP] Embed Pods Frameworks */,
				EBC31C9F1FAF7FC6004DC13C /* SwiftLint */,
			);
			buildRules = (
			);
			dependencies = (
			);
			name = swiftUV;
			productName = swiftUV;
			productReference = EBF4B74C1E7951D400B7A616 /* swiftUV.app */;
			productType = "com.apple.product-type.application";
		};
/* End PBXNativeTarget section */

/* Begin PBXProject section */
		EBF4B7441E7951D300B7A616 /* Project object */ = {
			isa = PBXProject;
			attributes = {
				LastSwiftUpdateCheck = 0910;
				LastUpgradeCheck = 1010;
				ORGANIZATIONNAME = "Thomas Guilleminot";
				TargetAttributes = {
					EBDA88921FAE5C89009514AB = {
						CreatedOnToolsVersion = 9.1;
						DevelopmentTeam = XDX42S5M9N;
						ProvisioningStyle = Automatic;
						TestTargetID = EBF4B74B1E7951D300B7A616;
					};
					EBF4B74B1E7951D300B7A616 = {
						CreatedOnToolsVersion = 8.2.1;
						DevelopmentTeam = XDX42S5M9N;
						LastSwiftMigration = 0900;
						ProvisioningStyle = Manual;
					};
				};
			};
			buildConfigurationList = EBF4B7471E7951D300B7A616 /* Build configuration list for PBXProject "swiftUV" */;
			compatibilityVersion = "Xcode 3.2";
			developmentRegion = English;
			hasScannedForEncodings = 0;
			knownRegions = (
				en,
				Base,
				fr,
			);
			mainGroup = EBF4B7431E7951D300B7A616;
			productRefGroup = EBF4B74D1E7951D400B7A616 /* Products */;
			projectDirPath = "";
			projectRoot = "";
			targets = (
				EBF4B74B1E7951D300B7A616 /* swiftUV */,
				EBDA88921FAE5C89009514AB /* swiftUVTests */,
			);
		};
/* End PBXProject section */

/* Begin PBXResourcesBuildPhase section */
		EBDA88911FAE5C89009514AB /* Resources */ = {
			isa = PBXResourcesBuildPhase;
			buildActionMask = 2147483647;
			files = (
			);
			runOnlyForDeploymentPostprocessing = 0;
		};
		EBF4B74A1E7951D300B7A616 /* Resources */ = {
			isa = PBXResourcesBuildPhase;
			buildActionMask = 2147483647;
			files = (
				EBF4B7781E79924700B7A616 /* OpenSans-Semibold.ttf in Resources */,
				EBF4B7791E79924700B7A616 /* OpenSans-SemiboldItalic.ttf in Resources */,
				EBF4B75A1E7951D400B7A616 /* LaunchScreen.storyboard in Resources */,
				EBCAA0451E7C30F000DC2E9D /* Localizable.strings in Resources */,
				EBF4B7771E79924700B7A616 /* OpenSans-Regular.ttf in Resources */,
				EBF4B7741E79924700B7A616 /* OpenSans-Italic.ttf in Resources */,
				EBF4B7731E79924700B7A616 /* OpenSans-ExtraBoldItalic.ttf in Resources */,
				EBF4B7571E7951D400B7A616 /* Assets.xcassets in Resources */,
				EBF4B7761E79924700B7A616 /* OpenSans-LightItalic.ttf in Resources */,
				EBF4B7701E79924700B7A616 /* OpenSans-Bold.ttf in Resources */,
				EBF4B7551E7951D400B7A616 /* Main.storyboard in Resources */,
				EBF4B7751E79924700B7A616 /* OpenSans-Light.ttf in Resources */,
				EBF4B7711E79924700B7A616 /* OpenSans-BoldItalic.ttf in Resources */,
				EBF4B7721E79924700B7A616 /* OpenSans-ExtraBold.ttf in Resources */,
			);
			runOnlyForDeploymentPostprocessing = 0;
		};
/* End PBXResourcesBuildPhase section */

/* Begin PBXShellScriptBuildPhase section */
		6E12D50FD8431F6DF4E052E4 /* [CP] Check Pods Manifest.lock */ = {
			isa = PBXShellScriptBuildPhase;
			buildActionMask = 2147483647;
			files = (
			);
			inputPaths = (
				"${PODS_PODFILE_DIR_PATH}/Podfile.lock",
				"${PODS_ROOT}/Manifest.lock",
			);
			name = "[CP] Check Pods Manifest.lock";
			outputPaths = (
				"$(DERIVED_FILE_DIR)/Pods-swiftUVTests-checkManifestLockResult.txt",
			);
			runOnlyForDeploymentPostprocessing = 0;
			shellPath = /bin/sh;
			shellScript = "diff \"${PODS_PODFILE_DIR_PATH}/Podfile.lock\" \"${PODS_ROOT}/Manifest.lock\" > /dev/null\nif [ $? != 0 ] ; then\n    # print error to STDERR\n    echo \"error: The sandbox is not in sync with the Podfile.lock. Run 'pod install' or update your CocoaPods installation.\" >&2\n    exit 1\nfi\n# This output is used by Xcode 'outputs' to avoid re-running this script phase.\necho \"SUCCESS\" > \"${SCRIPT_OUTPUT_FILE_0}\"\n";
			showEnvVarsInLog = 0;
		};
		8DAFA6781280E0C278DF29AA /* [CP] Embed Pods Frameworks */ = {
			isa = PBXShellScriptBuildPhase;
			buildActionMask = 2147483647;
			files = (
			);
			inputPaths = (
				"${SRCROOT}/Pods/Target Support Files/Pods-swiftUV/Pods-swiftUV-frameworks.sh",
				"${BUILT_PRODUCTS_DIR}/Alamofire/Alamofire.framework",
				"${BUILT_PRODUCTS_DIR}/DynamicBlurView/DynamicBlurView.framework",
				"${BUILT_PRODUCTS_DIR}/PopupDialog/PopupDialog.framework",
				"${BUILT_PRODUCTS_DIR}/SVProgressHUD/SVProgressHUD.framework",
				"${BUILT_PRODUCTS_DIR}/Swinject/Swinject.framework",
				"${BUILT_PRODUCTS_DIR}/ZLogger/ZLogger.framework",
			);
			name = "[CP] Embed Pods Frameworks";
			outputPaths = (
				"${TARGET_BUILD_DIR}/${FRAMEWORKS_FOLDER_PATH}/Alamofire.framework",
				"${TARGET_BUILD_DIR}/${FRAMEWORKS_FOLDER_PATH}/DynamicBlurView.framework",
				"${TARGET_BUILD_DIR}/${FRAMEWORKS_FOLDER_PATH}/PopupDialog.framework",
				"${TARGET_BUILD_DIR}/${FRAMEWORKS_FOLDER_PATH}/SVProgressHUD.framework",
				"${TARGET_BUILD_DIR}/${FRAMEWORKS_FOLDER_PATH}/Swinject.framework",
				"${TARGET_BUILD_DIR}/${FRAMEWORKS_FOLDER_PATH}/ZLogger.framework",
			);
			runOnlyForDeploymentPostprocessing = 0;
			shellPath = /bin/sh;
			shellScript = "\"${SRCROOT}/Pods/Target Support Files/Pods-swiftUV/Pods-swiftUV-frameworks.sh\"\n";
			showEnvVarsInLog = 0;
		};
		9724060F794018FE06B0FACD /* [CP] Embed Pods Frameworks */ = {
			isa = PBXShellScriptBuildPhase;
			buildActionMask = 2147483647;
			files = (
			);
			inputPaths = (
				"${SRCROOT}/Pods/Target Support Files/Pods-swiftUVTests/Pods-swiftUVTests-frameworks.sh",
				"${BUILT_PRODUCTS_DIR}/Nimble/Nimble.framework",
				"${BUILT_PRODUCTS_DIR}/Quick/Quick.framework",
			);
			name = "[CP] Embed Pods Frameworks";
			outputPaths = (
				"${TARGET_BUILD_DIR}/${FRAMEWORKS_FOLDER_PATH}/Nimble.framework",
				"${TARGET_BUILD_DIR}/${FRAMEWORKS_FOLDER_PATH}/Quick.framework",
			);
			runOnlyForDeploymentPostprocessing = 0;
			shellPath = /bin/sh;
			shellScript = "\"${SRCROOT}/Pods/Target Support Files/Pods-swiftUVTests/Pods-swiftUVTests-frameworks.sh\"\n";
			showEnvVarsInLog = 0;
		};
		EBC31C9F1FAF7FC6004DC13C /* SwiftLint */ = {
			isa = PBXShellScriptBuildPhase;
			buildActionMask = 2147483647;
			files = (
			);
			inputPaths = (
			);
			name = SwiftLint;
			outputPaths = (
			);
			runOnlyForDeploymentPostprocessing = 0;
			shellPath = /bin/sh;
			shellScript = "\"${PODS_ROOT}/SwiftLint/swiftlint\"\n";
		};
		FF2CBAE60D64C458AECA6782 /* [CP] Check Pods Manifest.lock */ = {
			isa = PBXShellScriptBuildPhase;
			buildActionMask = 2147483647;
			files = (
			);
			inputPaths = (
				"${PODS_PODFILE_DIR_PATH}/Podfile.lock",
				"${PODS_ROOT}/Manifest.lock",
			);
			name = "[CP] Check Pods Manifest.lock";
			outputPaths = (
				"$(DERIVED_FILE_DIR)/Pods-swiftUV-checkManifestLockResult.txt",
			);
			runOnlyForDeploymentPostprocessing = 0;
			shellPath = /bin/sh;
			shellScript = "diff \"${PODS_PODFILE_DIR_PATH}/Podfile.lock\" \"${PODS_ROOT}/Manifest.lock\" > /dev/null\nif [ $? != 0 ] ; then\n    # print error to STDERR\n    echo \"error: The sandbox is not in sync with the Podfile.lock. Run 'pod install' or update your CocoaPods installation.\" >&2\n    exit 1\nfi\n# This output is used by Xcode 'outputs' to avoid re-running this script phase.\necho \"SUCCESS\" > \"${SCRIPT_OUTPUT_FILE_0}\"\n";
			showEnvVarsInLog = 0;
		};
/* End PBXShellScriptBuildPhase section */

/* Begin PBXSourcesBuildPhase section */
		EBDA888F1FAE5C89009514AB /* Sources */ = {
			isa = PBXSourcesBuildPhase;
			buildActionMask = 2147483647;
			files = (
				EBDA88961FAE5C89009514AB /* MainViewControllerTests.swift in Sources */,
			);
			runOnlyForDeploymentPostprocessing = 0;
		};
		EBF4B7481E7951D300B7A616 /* Sources */ = {
			isa = PBXSourcesBuildPhase;
			buildActionMask = 2147483647;
			files = (
				EBF4B7501E7951D400B7A616 /* AppDelegate.swift in Sources */,
				EBB06152219F69210084E975 /* UVError.swift in Sources */,
				EBB0614E2198A6790084E975 /* Location.swift in Sources */,
				EBB061492198960B0084E975 /* UVPresenterImpl.swift in Sources */,
				EBB06154219F6E030084E975 /* Index.swift in Sources */,
				EBB0614C219897290084E975 /* LocationService.swift in Sources */,
				EBCAA0361E7AD64400DC2E9D /* PopupManager.swift in Sources */,
				EB5A521B219F618100898BEA /* UVService.swift in Sources */,
				EBB06150219F67560084E975 /* Forecast.swift in Sources */,
				EBF4B7621E79551B00B7A616 /* UVViewController.swift in Sources */,
				EBB0615621A1C8670084E975 /* AppComponents.swift in Sources */,
				EBCAA0411E7C30A200DC2E9D /* String.swift in Sources */,
				EBDA888E1FAE5814009514AB /* Constants.swift in Sources */,
			);
			runOnlyForDeploymentPostprocessing = 0;
		};
/* End PBXSourcesBuildPhase section */

/* Begin PBXTargetDependency section */
		EBDA88991FAE5C89009514AB /* PBXTargetDependency */ = {
			isa = PBXTargetDependency;
			target = EBF4B74B1E7951D300B7A616 /* swiftUV */;
			targetProxy = EBDA88981FAE5C89009514AB /* PBXContainerItemProxy */;
		};
/* End PBXTargetDependency section */

/* Begin PBXVariantGroup section */
		EBCAA0471E7C30F000DC2E9D /* Localizable.strings */ = {
			isa = PBXVariantGroup;
			children = (
				EBCAA0461E7C30F000DC2E9D /* Base */,
				EBCAA0481E7C30F200DC2E9D /* en */,
				EBC1904F1E8EEAB600B9F2EC /* fr */,
			);
			name = Localizable.strings;
			sourceTree = "<group>";
		};
		EBF4B7531E7951D400B7A616 /* Main.storyboard */ = {
			isa = PBXVariantGroup;
			children = (
				EBF4B7541E7951D400B7A616 /* Base */,
				EBC1904D1E8EEAB600B9F2EC /* fr */,
				EB055CB01FAE532700FE7A46 /* en */,
			);
			name = Main.storyboard;
			sourceTree = "<group>";
		};
		EBF4B7581E7951D400B7A616 /* LaunchScreen.storyboard */ = {
			isa = PBXVariantGroup;
			children = (
				EBF4B7591E7951D400B7A616 /* Base */,
				EBC1904E1E8EEAB600B9F2EC /* fr */,
			);
			name = LaunchScreen.storyboard;
			sourceTree = "<group>";
		};
/* End PBXVariantGroup section */

/* Begin XCBuildConfiguration section */
		EBDA889B1FAE5C89009514AB /* Debug */ = {
			isa = XCBuildConfiguration;
			baseConfigurationReference = 091ACF6A8F16618D0F5A2B41 /* Pods-swiftUVTests.debug.xcconfig */;
			buildSettings = {
				BUNDLE_LOADER = "$(TEST_HOST)";
				CLANG_ANALYZER_NUMBER_OBJECT_CONVERSION = YES_AGGRESSIVE;
				CLANG_CXX_LANGUAGE_STANDARD = "gnu++14";
				CLANG_WARN_BLOCK_CAPTURE_AUTORELEASING = YES;
				CLANG_WARN_COMMA = YES;
				CLANG_WARN_NON_LITERAL_NULL_CONVERSION = YES;
				CLANG_WARN_OBJC_LITERAL_CONVERSION = YES;
				CLANG_WARN_RANGE_LOOP_ANALYSIS = YES;
				CLANG_WARN_STRICT_PROTOTYPES = YES;
				CLANG_WARN_UNGUARDED_AVAILABILITY = YES_AGGRESSIVE;
				CODE_SIGN_IDENTITY = "iPhone Developer";
				CODE_SIGN_STYLE = Automatic;
				DEVELOPMENT_TEAM = XDX42S5M9N;
				GCC_C_LANGUAGE_STANDARD = gnu11;
				INFOPLIST_FILE = swiftUVTests/Info.plist;
				IPHONEOS_DEPLOYMENT_TARGET = 11.1;
				LD_RUNPATH_SEARCH_PATHS = "$(inherited) @executable_path/Frameworks @loader_path/Frameworks";
				PRODUCT_BUNDLE_IDENTIFIER = com.swiftUVTests;
				PRODUCT_NAME = "$(TARGET_NAME)";
				SWIFT_VERSION = 4.0;
				TARGETED_DEVICE_FAMILY = "1,2";
				TEST_HOST = "$(BUILT_PRODUCTS_DIR)/swiftUV.app/swiftUV";
			};
			name = Debug;
		};
		EBDA889C1FAE5C89009514AB /* Release */ = {
			isa = XCBuildConfiguration;
			baseConfigurationReference = 8B91A999F78A3A6A33A70B5A /* Pods-swiftUVTests.release.xcconfig */;
			buildSettings = {
				BUNDLE_LOADER = "$(TEST_HOST)";
				CLANG_ANALYZER_NUMBER_OBJECT_CONVERSION = YES_AGGRESSIVE;
				CLANG_CXX_LANGUAGE_STANDARD = "gnu++14";
				CLANG_WARN_BLOCK_CAPTURE_AUTORELEASING = YES;
				CLANG_WARN_COMMA = YES;
				CLANG_WARN_NON_LITERAL_NULL_CONVERSION = YES;
				CLANG_WARN_OBJC_LITERAL_CONVERSION = YES;
				CLANG_WARN_RANGE_LOOP_ANALYSIS = YES;
				CLANG_WARN_STRICT_PROTOTYPES = YES;
				CLANG_WARN_UNGUARDED_AVAILABILITY = YES_AGGRESSIVE;
				CODE_SIGN_IDENTITY = "iPhone Developer";
				CODE_SIGN_STYLE = Automatic;
				DEVELOPMENT_TEAM = XDX42S5M9N;
				GCC_C_LANGUAGE_STANDARD = gnu11;
				INFOPLIST_FILE = swiftUVTests/Info.plist;
				IPHONEOS_DEPLOYMENT_TARGET = 11.1;
				LD_RUNPATH_SEARCH_PATHS = "$(inherited) @executable_path/Frameworks @loader_path/Frameworks";
				PRODUCT_BUNDLE_IDENTIFIER = com.swiftUVTests;
				PRODUCT_NAME = "$(TARGET_NAME)";
				SWIFT_VERSION = 4.0;
				TARGETED_DEVICE_FAMILY = "1,2";
				TEST_HOST = "$(BUILT_PRODUCTS_DIR)/swiftUV.app/swiftUV";
			};
			name = Release;
		};
		EBF4B75C1E7951D400B7A616 /* Debug */ = {
			isa = XCBuildConfiguration;
			buildSettings = {
				ALWAYS_SEARCH_USER_PATHS = NO;
				CLANG_ANALYZER_LOCALIZABILITY_NONLOCALIZED = YES;
				CLANG_ANALYZER_NONNULL = YES;
				CLANG_CXX_LANGUAGE_STANDARD = "gnu++0x";
				CLANG_CXX_LIBRARY = "libc++";
				CLANG_ENABLE_MODULES = YES;
				CLANG_ENABLE_OBJC_ARC = YES;
				CLANG_WARN_BLOCK_CAPTURE_AUTORELEASING = YES;
				CLANG_WARN_BOOL_CONVERSION = YES;
				CLANG_WARN_COMMA = YES;
				CLANG_WARN_CONSTANT_CONVERSION = YES;
				CLANG_WARN_DEPRECATED_OBJC_IMPLEMENTATIONS = YES;
				CLANG_WARN_DIRECT_OBJC_ISA_USAGE = YES_ERROR;
				CLANG_WARN_DOCUMENTATION_COMMENTS = YES;
				CLANG_WARN_EMPTY_BODY = YES;
				CLANG_WARN_ENUM_CONVERSION = YES;
				CLANG_WARN_INFINITE_RECURSION = YES;
				CLANG_WARN_INT_CONVERSION = YES;
				CLANG_WARN_NON_LITERAL_NULL_CONVERSION = YES;
				CLANG_WARN_OBJC_IMPLICIT_RETAIN_SELF = YES;
				CLANG_WARN_OBJC_LITERAL_CONVERSION = YES;
				CLANG_WARN_OBJC_ROOT_CLASS = YES_ERROR;
				CLANG_WARN_RANGE_LOOP_ANALYSIS = YES;
				CLANG_WARN_STRICT_PROTOTYPES = YES;
				CLANG_WARN_SUSPICIOUS_MOVE = YES;
				CLANG_WARN_UNREACHABLE_CODE = YES;
				CLANG_WARN__DUPLICATE_METHOD_MATCH = YES;
				"CODE_SIGN_IDENTITY[sdk=iphoneos*]" = "iPhone Developer";
				COPY_PHASE_STRIP = NO;
				DEBUG_INFORMATION_FORMAT = dwarf;
				ENABLE_STRICT_OBJC_MSGSEND = YES;
				ENABLE_TESTABILITY = YES;
				GCC_C_LANGUAGE_STANDARD = gnu99;
				GCC_DYNAMIC_NO_PIC = NO;
				GCC_NO_COMMON_BLOCKS = YES;
				GCC_OPTIMIZATION_LEVEL = 0;
				GCC_PREPROCESSOR_DEFINITIONS = (
					"DEBUG=1",
					"$(inherited)",
				);
				GCC_WARN_64_TO_32_BIT_CONVERSION = YES;
				GCC_WARN_ABOUT_RETURN_TYPE = YES_ERROR;
				GCC_WARN_UNDECLARED_SELECTOR = YES;
				GCC_WARN_UNINITIALIZED_AUTOS = YES_AGGRESSIVE;
				GCC_WARN_UNUSED_FUNCTION = YES;
				GCC_WARN_UNUSED_VARIABLE = YES;
				IPHONEOS_DEPLOYMENT_TARGET = 10.2;
				MTL_ENABLE_DEBUG_INFO = YES;
				ONLY_ACTIVE_ARCH = YES;
				SDKROOT = iphoneos;
				SWIFT_ACTIVE_COMPILATION_CONDITIONS = DEBUG;
				SWIFT_OPTIMIZATION_LEVEL = "-Onone";
			};
			name = Debug;
		};
		EBF4B75D1E7951D400B7A616 /* Release */ = {
			isa = XCBuildConfiguration;
			buildSettings = {
				ALWAYS_SEARCH_USER_PATHS = NO;
				CLANG_ANALYZER_LOCALIZABILITY_NONLOCALIZED = YES;
				CLANG_ANALYZER_NONNULL = YES;
				CLANG_CXX_LANGUAGE_STANDARD = "gnu++0x";
				CLANG_CXX_LIBRARY = "libc++";
				CLANG_ENABLE_MODULES = YES;
				CLANG_ENABLE_OBJC_ARC = YES;
				CLANG_WARN_BLOCK_CAPTURE_AUTORELEASING = YES;
				CLANG_WARN_BOOL_CONVERSION = YES;
				CLANG_WARN_COMMA = YES;
				CLANG_WARN_CONSTANT_CONVERSION = YES;
				CLANG_WARN_DEPRECATED_OBJC_IMPLEMENTATIONS = YES;
				CLANG_WARN_DIRECT_OBJC_ISA_USAGE = YES_ERROR;
				CLANG_WARN_DOCUMENTATION_COMMENTS = YES;
				CLANG_WARN_EMPTY_BODY = YES;
				CLANG_WARN_ENUM_CONVERSION = YES;
				CLANG_WARN_INFINITE_RECURSION = YES;
				CLANG_WARN_INT_CONVERSION = YES;
				CLANG_WARN_NON_LITERAL_NULL_CONVERSION = YES;
				CLANG_WARN_OBJC_IMPLICIT_RETAIN_SELF = YES;
				CLANG_WARN_OBJC_LITERAL_CONVERSION = YES;
				CLANG_WARN_OBJC_ROOT_CLASS = YES_ERROR;
				CLANG_WARN_RANGE_LOOP_ANALYSIS = YES;
				CLANG_WARN_STRICT_PROTOTYPES = YES;
				CLANG_WARN_SUSPICIOUS_MOVE = YES;
				CLANG_WARN_UNREACHABLE_CODE = YES;
				CLANG_WARN__DUPLICATE_METHOD_MATCH = YES;
				"CODE_SIGN_IDENTITY[sdk=iphoneos*]" = "iPhone Developer";
				COPY_PHASE_STRIP = NO;
				DEBUG_INFORMATION_FORMAT = "dwarf-with-dsym";
				ENABLE_NS_ASSERTIONS = NO;
				ENABLE_STRICT_OBJC_MSGSEND = YES;
				GCC_C_LANGUAGE_STANDARD = gnu99;
				GCC_NO_COMMON_BLOCKS = YES;
				GCC_WARN_64_TO_32_BIT_CONVERSION = YES;
				GCC_WARN_ABOUT_RETURN_TYPE = YES_ERROR;
				GCC_WARN_UNDECLARED_SELECTOR = YES;
				GCC_WARN_UNINITIALIZED_AUTOS = YES_AGGRESSIVE;
				GCC_WARN_UNUSED_FUNCTION = YES;
				GCC_WARN_UNUSED_VARIABLE = YES;
				IPHONEOS_DEPLOYMENT_TARGET = 10.2;
				MTL_ENABLE_DEBUG_INFO = NO;
				SDKROOT = iphoneos;
				SWIFT_OPTIMIZATION_LEVEL = "-Owholemodule";
				VALIDATE_PRODUCT = YES;
			};
			name = Release;
		};
		EBF4B75F1E7951D400B7A616 /* Debug */ = {
			isa = XCBuildConfiguration;
			baseConfigurationReference = 4F32DAD95650411C27D7704A /* Pods-swiftUV.debug.xcconfig */;
			buildSettings = {
				ASSETCATALOG_COMPILER_APPICON_NAME = AppIcon;
				"CODE_SIGN_IDENTITY[sdk=iphoneos*]" = "iPhone Developer";
				DEBUG_INFORMATION_FORMAT = "dwarf-with-dsym";
				DEVELOPMENT_TEAM = XDX42S5M9N;
				INFOPLIST_FILE = swiftUV/Info.plist;
				IPHONEOS_DEPLOYMENT_TARGET = 9.0;
				LD_RUNPATH_SEARCH_PATHS = "$(inherited) @executable_path/Frameworks";
				PRODUCT_BUNDLE_IDENTIFIER = com.zlatan.swiftUV;
				PRODUCT_NAME = "$(TARGET_NAME)";
				PROVISIONING_PROFILE = "ff2f93fb-7946-4ffc-a9c8-b1a55133e36e";
				PROVISIONING_PROFILE_SPECIFIER = SwiftUV_development;
				SWIFT_SWIFT3_OBJC_INFERENCE = Off;
				SWIFT_VERSION = 4.2;
				TARGETED_DEVICE_FAMILY = "1,2";
			};
			name = Debug;
		};
		EBF4B7601E7951D400B7A616 /* Release */ = {
			isa = XCBuildConfiguration;
			baseConfigurationReference = 84B83E859B0ADFAB9D8946E1 /* Pods-swiftUV.release.xcconfig */;
			buildSettings = {
				ASSETCATALOG_COMPILER_APPICON_NAME = AppIcon;
				"CODE_SIGN_IDENTITY[sdk=iphoneos*]" = "iPhone Distribution";
				DEVELOPMENT_TEAM = XDX42S5M9N;
				INFOPLIST_FILE = swiftUV/Info.plist;
				IPHONEOS_DEPLOYMENT_TARGET = 9.0;
				LD_RUNPATH_SEARCH_PATHS = "$(inherited) @executable_path/Frameworks";
				PRODUCT_BUNDLE_IDENTIFIER = com.zlatan.swiftUV;
				PRODUCT_NAME = "$(TARGET_NAME)";
				PROVISIONING_PROFILE = "f7c749cb-6205-4c81-895e-2b74e79d6421";
				PROVISIONING_PROFILE_SPECIFIER = SwiftUV_distribution;
				SWIFT_SWIFT3_OBJC_INFERENCE = Off;
				SWIFT_VERSION = 4.2;
				TARGETED_DEVICE_FAMILY = "1,2";
			};
			name = Release;
		};
/* End XCBuildConfiguration section */

/* Begin XCConfigurationList section */
		EBDA889A1FAE5C89009514AB /* Build configuration list for PBXNativeTarget "swiftUVTests" */ = {
			isa = XCConfigurationList;
			buildConfigurations = (
				EBDA889B1FAE5C89009514AB /* Debug */,
				EBDA889C1FAE5C89009514AB /* Release */,
			);
			defaultConfigurationIsVisible = 0;
			defaultConfigurationName = Release;
		};
		EBF4B7471E7951D300B7A616 /* Build configuration list for PBXProject "swiftUV" */ = {
			isa = XCConfigurationList;
			buildConfigurations = (
				EBF4B75C1E7951D400B7A616 /* Debug */,
				EBF4B75D1E7951D400B7A616 /* Release */,
			);
			defaultConfigurationIsVisible = 0;
			defaultConfigurationName = Release;
		};
		EBF4B75E1E7951D400B7A616 /* Build configuration list for PBXNativeTarget "swiftUV" */ = {
			isa = XCConfigurationList;
			buildConfigurations = (
				EBF4B75F1E7951D400B7A616 /* Debug */,
				EBF4B7601E7951D400B7A616 /* Release */,
			);
			defaultConfigurationIsVisible = 0;
			defaultConfigurationName = Release;
		};
/* End XCConfigurationList section */
	};
	rootObject = EBF4B7441E7951D300B7A616 /* Project object */;
}
